// !$*UTF8*$!
{
	archiveVersion = 1;
	classes = {
	};
	objectVersion = 50;
	objects = {

/* Begin PBXBuildFile section */
		845AEFDA21BAD1A000944CA7 /* AppDelegate.swift in Sources */ = {isa = PBXBuildFile; fileRef = 845AEFD921BAD1A000944CA7 /* AppDelegate.swift */; };
		845AEFDC21BAD1A000944CA7 /* ViewController.swift in Sources */ = {isa = PBXBuildFile; fileRef = 845AEFDB21BAD1A000944CA7 /* ViewController.swift */; };
		845AEFDF21BAD1A000944CA7 /* Main.storyboard in Resources */ = {isa = PBXBuildFile; fileRef = 845AEFDD21BAD1A000944CA7 /* Main.storyboard */; };
		845AEFE121BAD1A100944CA7 /* Assets.xcassets in Resources */ = {isa = PBXBuildFile; fileRef = 845AEFE021BAD1A100944CA7 /* Assets.xcassets */; };
		845AEFE421BAD1A100944CA7 /* LaunchScreen.storyboard in Resources */ = {isa = PBXBuildFile; fileRef = 845AEFE221BAD1A100944CA7 /* LaunchScreen.storyboard */; };
		845AEFEC21BAD65E00944CA7 /* CrayonModel.swift in Sources */ = {isa = PBXBuildFile; fileRef = 845AEFEB21BAD65E00944CA7 /* CrayonModel.swift */; };
		845AEFEE21BAD66B00944CA7 /* Crayon.swift in Sources */ = {isa = PBXBuildFile; fileRef = 845AEFED21BAD66B00944CA7 /* Crayon.swift */; };
		845AEFF021BAD68100944CA7 /* Crayons.xcassets in Resources */ = {isa = PBXBuildFile; fileRef = 845AEFEF21BAD68100944CA7 /* Crayons.xcassets */; };
		845AEFF221BAD72800944CA7 /* TableViewController.swift in Sources */ = {isa = PBXBuildFile; fileRef = 845AEFF121BAD72800944CA7 /* TableViewController.swift */; };
		845AEFF421BAD73500944CA7 /* TableViewCell.swift in Sources */ = {isa = PBXBuildFile; fileRef = 845AEFF321BAD73500944CA7 /* TableViewCell.swift */; };
/* End PBXBuildFile section */

/* Begin PBXFileReference section */
		845AEFD621BAD1A000944CA7 /* 12.7 - Sprint 2 - Crayons.app */ = {isa = PBXFileReference; explicitFileType = wrapper.application; includeInIndex = 0; path = "12.7 - Sprint 2 - Crayons.app"; sourceTree = BUILT_PRODUCTS_DIR; };
		845AEFD921BAD1A000944CA7 /* AppDelegate.swift */ = {isa = PBXFileReference; lastKnownFileType = sourcecode.swift; path = AppDelegate.swift; sourceTree = "<group>"; };
		845AEFDB21BAD1A000944CA7 /* ViewController.swift */ = {isa = PBXFileReference; lastKnownFileType = sourcecode.swift; path = ViewController.swift; sourceTree = "<group>"; };
		845AEFDE21BAD1A000944CA7 /* Base */ = {isa = PBXFileReference; lastKnownFileType = file.storyboard; name = Base; path = Base.lproj/Main.storyboard; sourceTree = "<group>"; };
		845AEFE021BAD1A100944CA7 /* Assets.xcassets */ = {isa = PBXFileReference; lastKnownFileType = folder.assetcatalog; path = Assets.xcassets; sourceTree = "<group>"; };
		845AEFE321BAD1A100944CA7 /* Base */ = {isa = PBXFileReference; lastKnownFileType = file.storyboard; name = Base; path = Base.lproj/LaunchScreen.storyboard; sourceTree = "<group>"; };
		845AEFE521BAD1A100944CA7 /* Info.plist */ = {isa = PBXFileReference; lastKnownFileType = text.plist.xml; path = Info.plist; sourceTree = "<group>"; };
		845AEFEB21BAD65E00944CA7 /* CrayonModel.swift */ = {isa = PBXFileReference; fileEncoding = 4; lastKnownFileType = sourcecode.swift; name = CrayonModel.swift; path = ../../CrayonModel.swift; sourceTree = "<group>"; };
		845AEFED21BAD66B00944CA7 /* Crayon.swift */ = {isa = PBXFileReference; fileEncoding = 4; lastKnownFileType = sourcecode.swift; name = Crayon.swift; path = ../../Crayon.swift; sourceTree = "<group>"; };
		845AEFEF21BAD68100944CA7 /* Crayons.xcassets */ = {isa = PBXFileReference; lastKnownFileType = folder.assetcatalog; name = Crayons.xcassets; path = ../../Crayons.xcassets; sourceTree = "<group>"; };
		845AEFF121BAD72800944CA7 /* TableViewController.swift */ = {isa = PBXFileReference; lastKnownFileType = sourcecode.swift; path = TableViewController.swift; sourceTree = "<group>"; };
		845AEFF321BAD73500944CA7 /* TableViewCell.swift */ = {isa = PBXFileReference; lastKnownFileType = sourcecode.swift; path = TableViewCell.swift; sourceTree = "<group>"; };
/* End PBXFileReference section */

/* Begin PBXFrameworksBuildPhase section */
		845AEFD321BAD1A000944CA7 /* Frameworks */ = {
			isa = PBXFrameworksBuildPhase;
			buildActionMask = 2147483647;
			files = (
			);
			runOnlyForDeploymentPostprocessing = 0;
		};
/* End PBXFrameworksBuildPhase section */

/* Begin PBXGroup section */
		845AEFCD21BAD1A000944CA7 = {
			isa = PBXGroup;
			children = (
				845AEFD821BAD1A000944CA7 /* 12.7 - Sprint 2 - Crayons */,
				845AEFD721BAD1A000944CA7 /* Products */,
			);
			sourceTree = "<group>";
		};
		845AEFD721BAD1A000944CA7 /* Products */ = {
			isa = PBXGroup;
			children = (
				845AEFD621BAD1A000944CA7 /* 12.7 - Sprint 2 - Crayons.app */,
			);
			name = Products;
			sourceTree = "<group>";
		};
		845AEFD821BAD1A000944CA7 /* 12.7 - Sprint 2 - Crayons */ = {
			isa = PBXGroup;
			children = (
				845AEFD921BAD1A000944CA7 /* AppDelegate.swift */,
				845AEFDB21BAD1A000944CA7 /* ViewController.swift */,
				845AEFED21BAD66B00944CA7 /* Crayon.swift */,
				845AEFF121BAD72800944CA7 /* TableViewController.swift */,
				845AEFF321BAD73500944CA7 /* TableViewCell.swift */,
				845AEFDD21BAD1A000944CA7 /* Main.storyboard */,
				845AEFE021BAD1A100944CA7 /* Assets.xcassets */,
				845AEFEF21BAD68100944CA7 /* Crayons.xcassets */,
				845AEFEB21BAD65E00944CA7 /* CrayonModel.swift */,
				845AEFE221BAD1A100944CA7 /* LaunchScreen.storyboard */,
				845AEFE521BAD1A100944CA7 /* Info.plist */,
			);
			path = "12.7 - Sprint 2 - Crayons";
			sourceTree = "<group>";
		};
/* End PBXGroup section */

/* Begin PBXNativeTarget section */
		845AEFD521BAD1A000944CA7 /* 12.7 - Sprint 2 - Crayons */ = {
			isa = PBXNativeTarget;
			buildConfigurationList = 845AEFE821BAD1A100944CA7 /* Build configuration list for PBXNativeTarget "12.7 - Sprint 2 - Crayons" */;
			buildPhases = (
				845AEFD221BAD1A000944CA7 /* Sources */,
				845AEFD321BAD1A000944CA7 /* Frameworks */,
				845AEFD421BAD1A000944CA7 /* Resources */,
			);
			buildRules = (
			);
			dependencies = (
			);
			name = "12.7 - Sprint 2 - Crayons";
			productName = "12.7 - Sprint 2 - Crayons";
			productReference = 845AEFD621BAD1A000944CA7 /* 12.7 - Sprint 2 - Crayons.app */;
			productType = "com.apple.product-type.application";
		};
/* End PBXNativeTarget section */

/* Begin PBXProject section */
		845AEFCE21BAD1A000944CA7 /* Project object */ = {
			isa = PBXProject;
			attributes = {
				LastSwiftUpdateCheck = 1010;
				LastUpgradeCheck = 1010;
				ORGANIZATIONNAME = Lambda_School_Loaner_18;
				TargetAttributes = {
					845AEFD521BAD1A000944CA7 = {
						CreatedOnToolsVersion = 10.1;
					};
				};
			};
			buildConfigurationList = 845AEFD121BAD1A000944CA7 /* Build configuration list for PBXProject "12.7 - Sprint 2 - Crayons" */;
			compatibilityVersion = "Xcode 9.3";
			developmentRegion = en;
			hasScannedForEncodings = 0;
			knownRegions = (
				en,
				Base,
			);
			mainGroup = 845AEFCD21BAD1A000944CA7;
			productRefGroup = 845AEFD721BAD1A000944CA7 /* Products */;
			projectDirPath = "";
			projectRoot = "";
			targets = (
				845AEFD521BAD1A000944CA7 /* 12.7 - Sprint 2 - Crayons */,
			);
		};
/* End PBXProject section */

/* Begin PBXResourcesBuildPhase section */
		845AEFD421BAD1A000944CA7 /* Resources */ = {
			isa = PBXResourcesBuildPhase;
			buildActionMask = 2147483647;
			files = (
				845AEFE421BAD1A100944CA7 /* LaunchScreen.storyboard in Resources */,
				845AEFE121BAD1A100944CA7 /* Assets.xcassets in Resources */,
				845AEFDF21BAD1A000944CA7 /* Main.storyboard in Resources */,
				845AEFF021BAD68100944CA7 /* Crayons.xcassets in Resources */,
			);
			runOnlyForDeploymentPostprocessing = 0;
		};
/* End PBXResourcesBuildPhase section */

/* Begin PBXSourcesBuildPhase section */
		845AEFD221BAD1A000944CA7 /* Sources */ = {
			isa = PBXSourcesBuildPhase;
			buildActionMask = 2147483647;
			files = (
				845AEFDC21BAD1A000944CA7 /* ViewController.swift in Sources */,
				845AEFEC21BAD65E00944CA7 /* CrayonModel.swift in Sources */,
				845AEFDA21BAD1A000944CA7 /* AppDelegate.swift in Sources */,
				845AEFF421BAD73500944CA7 /* TableViewCell.swift in Sources */,
				845AEFF221BAD72800944CA7 /* TableViewController.swift in Sources */,
				845AEFEE21BAD66B00944CA7 /* Crayon.swift in Sources */,
			);
			runOnlyForDeploymentPostprocessing = 0;
		};
/* End PBXSourcesBuildPhase section */

/* Begin PBXVariantGroup section */
		845AEFDD21BAD1A000944CA7 /* Main.storyboard */ = {
			isa = PBXVariantGroup;
			children = (
				845AEFDE21BAD1A000944CA7 /* Base */,
			);
			name = Main.storyboard;
			sourceTree = "<group>";
		};
		845AEFE221BAD1A100944CA7 /* LaunchScreen.storyboard */ = {
			isa = PBXVariantGroup;
			children = (
				845AEFE321BAD1A100944CA7 /* Base */,
			);
			name = LaunchScreen.storyboard;
			sourceTree = "<group>";
		};
/* End PBXVariantGroup section */

/* Begin XCBuildConfiguration section */
		845AEFE621BAD1A100944CA7 /* Debug */ = {
			isa = XCBuildConfiguration;
			buildSettings = {
				ALWAYS_SEARCH_USER_PATHS = NO;
				CLANG_ANALYZER_NONNULL = YES;
				CLANG_ANALYZER_NUMBER_OBJECT_CONVERSION = YES_AGGRESSIVE;
				CLANG_CXX_LANGUAGE_STANDARD = "gnu++14";
				CLANG_CXX_LIBRARY = "libc++";
				CLANG_ENABLE_MODULES = YES;
				CLANG_ENABLE_OBJC_ARC = YES;
				CLANG_ENABLE_OBJC_WEAK = YES;
				CLANG_WARN_BLOCK_CAPTURE_AUTORELEASING = YES;
				CLANG_WARN_BOOL_CONVERSION = YES;
				CLANG_WARN_COMMA = YES;
				CLANG_WARN_CONSTANT_CONVERSION = YES;
				CLANG_WARN_DEPRECATED_OBJC_IMPLEMENTATIONS = YES;
				CLANG_WARN_DIRECT_OBJC_ISA_USAGE = YES_ERROR;
				CLANG_WARN_DOCUMENTATION_COMMENTS = YES;
				CLANG_WARN_EMPTY_BODY = YES;
				CLANG_WARN_ENUM_CONVERSION = YES;
				CLANG_WARN_INFINITE_RECURSION = YES;
				CLANG_WARN_INT_CONVERSION = YES;
				CLANG_WARN_NON_LITERAL_NULL_CONVERSION = YES;
				CLANG_WARN_OBJC_IMPLICIT_RETAIN_SELF = YES;
				CLANG_WARN_OBJC_LITERAL_CONVERSION = YES;
				CLANG_WARN_OBJC_ROOT_CLASS = YES_ERROR;
				CLANG_WARN_RANGE_LOOP_ANALYSIS = YES;
				CLANG_WARN_STRICT_PROTOTYPES = YES;
				CLANG_WARN_SUSPICIOUS_MOVE = YES;
				CLANG_WARN_UNGUARDED_AVAILABILITY = YES_AGGRESSIVE;
				CLANG_WARN_UNREACHABLE_CODE = YES;
				CLANG_WARN__DUPLICATE_METHOD_MATCH = YES;
				CODE_SIGN_IDENTITY = "iPhone Developer";
				COPY_PHASE_STRIP = NO;
				DEBUG_INFORMATION_FORMAT = dwarf;
				ENABLE_STRICT_OBJC_MSGSEND = YES;
				ENABLE_TESTABILITY = YES;
				GCC_C_LANGUAGE_STANDARD = gnu11;
				GCC_DYNAMIC_NO_PIC = NO;
				GCC_NO_COMMON_BLOCKS = YES;
				GCC_OPTIMIZATION_LEVEL = 0;
				GCC_PREPROCESSOR_DEFINITIONS = (
					"DEBUG=1",
					"$(inherited)",
				);
				GCC_WARN_64_TO_32_BIT_CONVERSION = YES;
				GCC_WARN_ABOUT_RETURN_TYPE = YES_ERROR;
				GCC_WARN_UNDECLARED_SELECTOR = YES;
				GCC_WARN_UNINITIALIZED_AUTOS = YES_AGGRESSIVE;
				GCC_WARN_UNUSED_FUNCTION = YES;
				GCC_WARN_UNUSED_VARIABLE = YES;
				IPHONEOS_DEPLOYMENT_TARGET = 12.1;
				MTL_ENABLE_DEBUG_INFO = INCLUDE_SOURCE;
				MTL_FAST_MATH = YES;
				ONLY_ACTIVE_ARCH = YES;
				SDKROOT = iphoneos;
				SWIFT_ACTIVE_COMPILATION_CONDITIONS = DEBUG;
				SWIFT_OPTIMIZATION_LEVEL = "-Onone";
			};
			name = Debug;
		};
		845AEFE721BAD1A100944CA7 /* Release */ = {
			isa = XCBuildConfiguration;
			buildSettings = {
				ALWAYS_SEARCH_USER_PATHS = NO;
				CLANG_ANALYZER_NONNULL = YES;
				CLANG_ANALYZER_NUMBER_OBJECT_CONVERSION = YES_AGGRESSIVE;
				CLANG_CXX_LANGUAGE_STANDARD = "gnu++14";
				CLANG_CXX_LIBRARY = "libc++";
				CLANG_ENABLE_MODULES = YES;
				CLANG_ENABLE_OBJC_ARC = YES;
				CLANG_ENABLE_OBJC_WEAK = YES;
				CLANG_WARN_BLOCK_CAPTURE_AUTORELEASING = YES;
				CLANG_WARN_BOOL_CONVERSION = YES;
				CLANG_WARN_COMMA = YES;
				CLANG_WARN_CONSTANT_CONVERSION = YES;
				CLANG_WARN_DEPRECATED_OBJC_IMPLEMENTATIONS = YES;
				CLANG_WARN_DIRECT_OBJC_ISA_USAGE = YES_ERROR;
				CLANG_WARN_DOCUMENTATION_COMMENTS = YES;
				CLANG_WARN_EMPTY_BODY = YES;
				CLANG_WARN_ENUM_CONVERSION = YES;
				CLANG_WARN_INFINITE_RECURSION = YES;
				CLANG_WARN_INT_CONVERSION = YES;
				CLANG_WARN_NON_LITERAL_NULL_CONVERSION = YES;
				CLANG_WARN_OBJC_IMPLICIT_RETAIN_SELF = YES;
				CLANG_WARN_OBJC_LITERAL_CONVERSION = YES;
				CLANG_WARN_OBJC_ROOT_CLASS = YES_ERROR;
				CLANG_WARN_RANGE_LOOP_ANALYSIS = YES;
				CLANG_WARN_STRICT_PROTOTYPES = YES;
				CLANG_WARN_SUSPICIOUS_MOVE = YES;
				CLANG_WARN_UNGUARDED_AVAILABILITY = YES_AGGRESSIVE;
				CLANG_WARN_UNREACHABLE_CODE = YES;
				CLANG_WARN__DUPLICATE_METHOD_MATCH = YES;
				CODE_SIGN_IDENTITY = "iPhone Developer";
				COPY_PHASE_STRIP = NO;
				DEBUG_INFORMATION_FORMAT = "dwarf-with-dsym";
				ENABLE_NS_ASSERTIONS = NO;
				ENABLE_STRICT_OBJC_MSGSEND = YES;
				GCC_C_LANGUAGE_STANDARD = gnu11;
				GCC_NO_COMMON_BLOCKS = YES;
				GCC_WARN_64_TO_32_BIT_CONVERSION = YES;
				GCC_WARN_ABOUT_RETURN_TYPE = YES_ERROR;
				GCC_WARN_UNDECLARED_SELECTOR = YES;
				GCC_WARN_UNINITIALIZED_AUTOS = YES_AGGRESSIVE;
				GCC_WARN_UNUSED_FUNCTION = YES;
				GCC_WARN_UNUSED_VARIABLE = YES;
				IPHONEOS_DEPLOYMENT_TARGET = 12.1;
				MTL_ENABLE_DEBUG_INFO = NO;
				MTL_FAST_MATH = YES;
				SDKROOT = iphoneos;
				SWIFT_COMPILATION_MODE = wholemodule;
				SWIFT_OPTIMIZATION_LEVEL = "-O";
				VALIDATE_PRODUCT = YES;
			};
			name = Release;
		};
		845AEFE921BAD1A100944CA7 /* Debug */ = {
			isa = XCBuildConfiguration;
			buildSettings = {
				ASSETCATALOG_COMPILER_APPICON_NAME = AppIcon;
				CODE_SIGN_STYLE = Automatic;
				DEVELOPMENT_TEAM = 4L7P3ZX586;
				INFOPLIST_FILE = "12.7 - Sprint 2 - Crayons/Info.plist";
				LD_RUNPATH_SEARCH_PATHS = (
					"$(inherited)",
					"@executable_path/Frameworks",
				);
				PRODUCT_BUNDLE_IDENTIFIER = "com.lambdaschoolsd.-2-7---Sprint-2---Crayons";
				PRODUCT_NAME = "$(TARGET_NAME)";
				SWIFT_VERSION = 4.2;
				TARGETED_DEVICE_FAMILY = "1,2";
			};
			name = Debug;
		};
		845AEFEA21BAD1A100944CA7 /* Release */ = {
			isa = XCBuildConfiguration;
			buildSettings = {
				ASSETCATALOG_COMPILER_APPICON_NAME = AppIcon;
				CODE_SIGN_STYLE = Automatic;
				DEVELOPMENT_TEAM = 4L7P3ZX586;
				INFOPLIST_FILE = "12.7 - Sprint 2 - Crayons/Info.plist";
				LD_RUNPATH_SEARCH_PATHS = (
					"$(inherited)",
					"@executable_path/Frameworks",
				);
				PRODUCT_BUNDLE_IDENTIFIER = "com.lambdaschoolsd.-2-7---Sprint-2---Crayons";
				PRODUCT_NAME = "$(TARGET_NAME)";
				SWIFT_VERSION = 4.2;
				TARGETED_DEVICE_FAMILY = "1,2";
			};
			name = Release;
		};
/* End XCBuildConfiguration section */

/* Begin XCConfigurationList section */
		845AEFD121BAD1A000944CA7 /* Build configuration list for PBXProject "12.7 - Sprint 2 - Crayons" */ = {
			isa = XCConfigurationList;
			buildConfigurations = (
				845AEFE621BAD1A100944CA7 /* Debug */,
				845AEFE721BAD1A100944CA7 /* Release */,
			);
			defaultConfigurationIsVisible = 0;
			defaultConfigurationName = Release;
		};
		845AEFE821BAD1A100944CA7 /* Build configuration list for PBXNativeTarget "12.7 - Sprint 2 - Crayons" */ = {
			isa = XCConfigurationList;
			buildConfigurations = (
				845AEFE921BAD1A100944CA7 /* Debug */,
				845AEFEA21BAD1A100944CA7 /* Release */,
			);
			defaultConfigurationIsVisible = 0;
			defaultConfigurationName = Release;
		};
/* End XCConfigurationList section */
	};
	rootObject = 845AEFCE21BAD1A000944CA7 /* Project object */;
}
