// !$*UTF8*$!
{
	archiveVersion = 1;
	classes = {
	};
	objectVersion = 50;
	objects = {

/* Begin PBXBuildFile section */
		ABBD560621B046650084AA75 /* AppDelegate.swift in Sources */ = {isa = PBXBuildFile; fileRef = ABBD560521B046650084AA75 /* AppDelegate.swift */; };
		ABBD560B21B046650084AA75 /* Main.storyboard in Resources */ = {isa = PBXBuildFile; fileRef = ABBD560921B046650084AA75 /* Main.storyboard */; };
		ABBD560D21B046660084AA75 /* Assets.xcassets in Resources */ = {isa = PBXBuildFile; fileRef = ABBD560C21B046660084AA75 /* Assets.xcassets */; };
		ABBD561021B046660084AA75 /* LaunchScreen.storyboard in Resources */ = {isa = PBXBuildFile; fileRef = ABBD560E21B046660084AA75 /* LaunchScreen.storyboard */; };
		ABBD561A21B046B00084AA75 /* Crayons.xcassets in Resources */ = {isa = PBXBuildFile; fileRef = ABBD561721B046AF0084AA75 /* Crayons.xcassets */; };
		ABBD561B21B046B00084AA75 /* Crayon.swift in Sources */ = {isa = PBXBuildFile; fileRef = ABBD561821B046B00084AA75 /* Crayon.swift */; };
		ABBD561C21B046B00084AA75 /* CrayonModel.swift in Sources */ = {isa = PBXBuildFile; fileRef = ABBD561921B046B00084AA75 /* CrayonModel.swift */; };
		ABBD561E21B047D40084AA75 /* TableViewController.swift in Sources */ = {isa = PBXBuildFile; fileRef = ABBD561D21B047D40084AA75 /* TableViewController.swift */; };
		ABBD562021B047E70084AA75 /* TableViewCell.swift in Sources */ = {isa = PBXBuildFile; fileRef = ABBD561F21B047E70084AA75 /* TableViewCell.swift */; };
		ABBD562221B048020084AA75 /* DetailViewController.swift in Sources */ = {isa = PBXBuildFile; fileRef = ABBD562121B048020084AA75 /* DetailViewController.swift */; };
/* End PBXBuildFile section */

/* Begin PBXFileReference section */
		ABBD560221B046650084AA75 /* CrayonColorList.app */ = {isa = PBXFileReference; explicitFileType = wrapper.application; includeInIndex = 0; path = CrayonColorList.app; sourceTree = BUILT_PRODUCTS_DIR; };
		ABBD560521B046650084AA75 /* AppDelegate.swift */ = {isa = PBXFileReference; lastKnownFileType = sourcecode.swift; path = AppDelegate.swift; sourceTree = "<group>"; };
		ABBD560A21B046650084AA75 /* Base */ = {isa = PBXFileReference; lastKnownFileType = file.storyboard; name = Base; path = Base.lproj/Main.storyboard; sourceTree = "<group>"; };
		ABBD560C21B046660084AA75 /* Assets.xcassets */ = {isa = PBXFileReference; lastKnownFileType = folder.assetcatalog; path = Assets.xcassets; sourceTree = "<group>"; };
		ABBD560F21B046660084AA75 /* Base */ = {isa = PBXFileReference; lastKnownFileType = file.storyboard; name = Base; path = Base.lproj/LaunchScreen.storyboard; sourceTree = "<group>"; };
		ABBD561121B046660084AA75 /* Info.plist */ = {isa = PBXFileReference; lastKnownFileType = text.plist.xml; path = Info.plist; sourceTree = "<group>"; };
		ABBD561721B046AF0084AA75 /* Crayons.xcassets */ = {isa = PBXFileReference; lastKnownFileType = folder.assetcatalog; name = Crayons.xcassets; path = ../../Crayons.xcassets; sourceTree = "<group>"; };
		ABBD561821B046B00084AA75 /* Crayon.swift */ = {isa = PBXFileReference; fileEncoding = 4; lastKnownFileType = sourcecode.swift; name = Crayon.swift; path = ../../Crayon.swift; sourceTree = "<group>"; };
		ABBD561921B046B00084AA75 /* CrayonModel.swift */ = {isa = PBXFileReference; fileEncoding = 4; lastKnownFileType = sourcecode.swift; name = CrayonModel.swift; path = ../../CrayonModel.swift; sourceTree = "<group>"; };
		ABBD561D21B047D40084AA75 /* TableViewController.swift */ = {isa = PBXFileReference; lastKnownFileType = sourcecode.swift; path = TableViewController.swift; sourceTree = "<group>"; };
		ABBD561F21B047E70084AA75 /* TableViewCell.swift */ = {isa = PBXFileReference; lastKnownFileType = sourcecode.swift; path = TableViewCell.swift; sourceTree = "<group>"; };
		ABBD562121B048020084AA75 /* DetailViewController.swift */ = {isa = PBXFileReference; lastKnownFileType = sourcecode.swift; path = DetailViewController.swift; sourceTree = "<group>"; };
/* End PBXFileReference section */

/* Begin PBXFrameworksBuildPhase section */
		ABBD55FF21B046650084AA75 /* Frameworks */ = {
			isa = PBXFrameworksBuildPhase;
			buildActionMask = 2147483647;
			files = (
			);
			runOnlyForDeploymentPostprocessing = 0;
		};
/* End PBXFrameworksBuildPhase section */

/* Begin PBXGroup section */
		ABBD55F921B046650084AA75 = {
			isa = PBXGroup;
			children = (
				ABBD560421B046650084AA75 /* CrayonColorList */,
				ABBD560321B046650084AA75 /* Products */,
			);
			sourceTree = "<group>";
		};
		ABBD560321B046650084AA75 /* Products */ = {
			isa = PBXGroup;
			children = (
				ABBD560221B046650084AA75 /* CrayonColorList.app */,
			);
			name = Products;
			sourceTree = "<group>";
		};
		ABBD560421B046650084AA75 /* CrayonColorList */ = {
			isa = PBXGroup;
			children = (
				ABBD560521B046650084AA75 /* AppDelegate.swift */,
				ABBD561D21B047D40084AA75 /* TableViewController.swift */,
				ABBD561F21B047E70084AA75 /* TableViewCell.swift */,
				ABBD562121B048020084AA75 /* DetailViewController.swift */,
				ABBD561921B046B00084AA75 /* CrayonModel.swift */,
				ABBD561821B046B00084AA75 /* Crayon.swift */,
				ABBD561721B046AF0084AA75 /* Crayons.xcassets */,
				ABBD560921B046650084AA75 /* Main.storyboard */,
				ABBD560C21B046660084AA75 /* Assets.xcassets */,
				ABBD560E21B046660084AA75 /* LaunchScreen.storyboard */,
				ABBD561121B046660084AA75 /* Info.plist */,
			);
			path = CrayonColorList;
			sourceTree = "<group>";
		};
/* End PBXGroup section */

/* Begin PBXNativeTarget section */
		ABBD560121B046650084AA75 /* CrayonColorList */ = {
			isa = PBXNativeTarget;
			buildConfigurationList = ABBD561421B046660084AA75 /* Build configuration list for PBXNativeTarget "CrayonColorList" */;
			buildPhases = (
				ABBD55FE21B046650084AA75 /* Sources */,
				ABBD55FF21B046650084AA75 /* Frameworks */,
				ABBD560021B046650084AA75 /* Resources */,
			);
			buildRules = (
			);
			dependencies = (
			);
			name = CrayonColorList;
			productName = CrayonColorList;
			productReference = ABBD560221B046650084AA75 /* CrayonColorList.app */;
			productType = "com.apple.product-type.application";
		};
/* End PBXNativeTarget section */

/* Begin PBXProject section */
		ABBD55FA21B046650084AA75 /* Project object */ = {
			isa = PBXProject;
			attributes = {
				LastSwiftUpdateCheck = 1010;
				LastUpgradeCheck = 1010;
				ORGANIZATIONNAME = jkaunert;
				TargetAttributes = {
					ABBD560121B046650084AA75 = {
						CreatedOnToolsVersion = 10.1;
					};
				};
			};
			buildConfigurationList = ABBD55FD21B046650084AA75 /* Build configuration list for PBXProject "CrayonColorList" */;
			compatibilityVersion = "Xcode 9.3";
			developmentRegion = en;
			hasScannedForEncodings = 0;
			knownRegions = (
				en,
				Base,
			);
			mainGroup = ABBD55F921B046650084AA75;
			productRefGroup = ABBD560321B046650084AA75 /* Products */;
			projectDirPath = "";
			projectRoot = "";
			targets = (
				ABBD560121B046650084AA75 /* CrayonColorList */,
			);
		};
/* End PBXProject section */

/* Begin PBXResourcesBuildPhase section */
		ABBD560021B046650084AA75 /* Resources */ = {
			isa = PBXResourcesBuildPhase;
			buildActionMask = 2147483647;
			files = (
				ABBD561021B046660084AA75 /* LaunchScreen.storyboard in Resources */,
				ABBD560D21B046660084AA75 /* Assets.xcassets in Resources */,
				ABBD560B21B046650084AA75 /* Main.storyboard in Resources */,
				ABBD561A21B046B00084AA75 /* Crayons.xcassets in Resources */,
			);
			runOnlyForDeploymentPostprocessing = 0;
		};
/* End PBXResourcesBuildPhase section */

/* Begin PBXSourcesBuildPhase section */
		ABBD55FE21B046650084AA75 /* Sources */ = {
			isa = PBXSourcesBuildPhase;
			buildActionMask = 2147483647;
			files = (
				ABBD562021B047E70084AA75 /* TableViewCell.swift in Sources */,
				ABBD561B21B046B00084AA75 /* Crayon.swift in Sources */,
				ABBD561C21B046B00084AA75 /* CrayonModel.swift in Sources */,
				ABBD562221B048020084AA75 /* DetailViewController.swift in Sources */,
				ABBD560621B046650084AA75 /* AppDelegate.swift in Sources */,
				ABBD561E21B047D40084AA75 /* TableViewController.swift in Sources */,
			);
			runOnlyForDeploymentPostprocessing = 0;
		};
/* End PBXSourcesBuildPhase section */

/* Begin PBXVariantGroup section */
		ABBD560921B046650084AA75 /* Main.storyboard */ = {
			isa = PBXVariantGroup;
			children = (
				ABBD560A21B046650084AA75 /* Base */,
			);
			name = Main.storyboard;
			sourceTree = "<group>";
		};
		ABBD560E21B046660084AA75 /* LaunchScreen.storyboard */ = {
			isa = PBXVariantGroup;
			children = (
				ABBD560F21B046660084AA75 /* Base */,
			);
			name = LaunchScreen.storyboard;
			sourceTree = "<group>";
		};
/* End PBXVariantGroup section */

/* Begin XCBuildConfiguration section */
		ABBD561221B046660084AA75 /* Debug */ = {
			isa = XCBuildConfiguration;
			buildSettings = {
				ALWAYS_SEARCH_USER_PATHS = NO;
				CLANG_ANALYZER_NONNULL = YES;
				CLANG_ANALYZER_NUMBER_OBJECT_CONVERSION = YES_AGGRESSIVE;
				CLANG_CXX_LANGUAGE_STANDARD = "gnu++14";
				CLANG_CXX_LIBRARY = "libc++";
				CLANG_ENABLE_MODULES = YES;
				CLANG_ENABLE_OBJC_ARC = YES;
				CLANG_ENABLE_OBJC_WEAK = YES;
				CLANG_WARN_BLOCK_CAPTURE_AUTORELEASING = YES;
				CLANG_WARN_BOOL_CONVERSION = YES;
				CLANG_WARN_COMMA = YES;
				CLANG_WARN_CONSTANT_CONVERSION = YES;
				CLANG_WARN_DEPRECATED_OBJC_IMPLEMENTATIONS = YES;
				CLANG_WARN_DIRECT_OBJC_ISA_USAGE = YES_ERROR;
				CLANG_WARN_DOCUMENTATION_COMMENTS = YES;
				CLANG_WARN_EMPTY_BODY = YES;
				CLANG_WARN_ENUM_CONVERSION = YES;
				CLANG_WARN_INFINITE_RECURSION = YES;
				CLANG_WARN_INT_CONVERSION = YES;
				CLANG_WARN_NON_LITERAL_NULL_CONVERSION = YES;
				CLANG_WARN_OBJC_IMPLICIT_RETAIN_SELF = YES;
				CLANG_WARN_OBJC_LITERAL_CONVERSION = YES;
				CLANG_WARN_OBJC_ROOT_CLASS = YES_ERROR;
				CLANG_WARN_RANGE_LOOP_ANALYSIS = YES;
				CLANG_WARN_STRICT_PROTOTYPES = YES;
				CLANG_WARN_SUSPICIOUS_MOVE = YES;
				CLANG_WARN_UNGUARDED_AVAILABILITY = YES_AGGRESSIVE;
				CLANG_WARN_UNREACHABLE_CODE = YES;
				CLANG_WARN__DUPLICATE_METHOD_MATCH = YES;
				CODE_SIGN_IDENTITY = "iPhone Developer";
				COPY_PHASE_STRIP = NO;
				DEBUG_INFORMATION_FORMAT = dwarf;
				ENABLE_STRICT_OBJC_MSGSEND = YES;
				ENABLE_TESTABILITY = YES;
				GCC_C_LANGUAGE_STANDARD = gnu11;
				GCC_DYNAMIC_NO_PIC = NO;
				GCC_NO_COMMON_BLOCKS = YES;
				GCC_OPTIMIZATION_LEVEL = 0;
				GCC_PREPROCESSOR_DEFINITIONS = (
					"DEBUG=1",
					"$(inherited)",
				);
				GCC_WARN_64_TO_32_BIT_CONVERSION = YES;
				GCC_WARN_ABOUT_RETURN_TYPE = YES_ERROR;
				GCC_WARN_UNDECLARED_SELECTOR = YES;
				GCC_WARN_UNINITIALIZED_AUTOS = YES_AGGRESSIVE;
				GCC_WARN_UNUSED_FUNCTION = YES;
				GCC_WARN_UNUSED_VARIABLE = YES;
				IPHONEOS_DEPLOYMENT_TARGET = 12.1;
				MTL_ENABLE_DEBUG_INFO = INCLUDE_SOURCE;
				MTL_FAST_MATH = YES;
				ONLY_ACTIVE_ARCH = YES;
				SDKROOT = iphoneos;
				SWIFT_ACTIVE_COMPILATION_CONDITIONS = DEBUG;
				SWIFT_OPTIMIZATION_LEVEL = "-Onone";
			};
			name = Debug;
		};
		ABBD561321B046660084AA75 /* Release */ = {
			isa = XCBuildConfiguration;
			buildSettings = {
				ALWAYS_SEARCH_USER_PATHS = NO;
				CLANG_ANALYZER_NONNULL = YES;
				CLANG_ANALYZER_NUMBER_OBJECT_CONVERSION = YES_AGGRESSIVE;
				CLANG_CXX_LANGUAGE_STANDARD = "gnu++14";
				CLANG_CXX_LIBRARY = "libc++";
				CLANG_ENABLE_MODULES = YES;
				CLANG_ENABLE_OBJC_ARC = YES;
				CLANG_ENABLE_OBJC_WEAK = YES;
				CLANG_WARN_BLOCK_CAPTURE_AUTORELEASING = YES;
				CLANG_WARN_BOOL_CONVERSION = YES;
				CLANG_WARN_COMMA = YES;
				CLANG_WARN_CONSTANT_CONVERSION = YES;
				CLANG_WARN_DEPRECATED_OBJC_IMPLEMENTATIONS = YES;
				CLANG_WARN_DIRECT_OBJC_ISA_USAGE = YES_ERROR;
				CLANG_WARN_DOCUMENTATION_COMMENTS = YES;
				CLANG_WARN_EMPTY_BODY = YES;
				CLANG_WARN_ENUM_CONVERSION = YES;
				CLANG_WARN_INFINITE_RECURSION = YES;
				CLANG_WARN_INT_CONVERSION = YES;
				CLANG_WARN_NON_LITERAL_NULL_CONVERSION = YES;
				CLANG_WARN_OBJC_IMPLICIT_RETAIN_SELF = YES;
				CLANG_WARN_OBJC_LITERAL_CONVERSION = YES;
				CLANG_WARN_OBJC_ROOT_CLASS = YES_ERROR;
				CLANG_WARN_RANGE_LOOP_ANALYSIS = YES;
				CLANG_WARN_STRICT_PROTOTYPES = YES;
				CLANG_WARN_SUSPICIOUS_MOVE = YES;
				CLANG_WARN_UNGUARDED_AVAILABILITY = YES_AGGRESSIVE;
				CLANG_WARN_UNREACHABLE_CODE = YES;
				CLANG_WARN__DUPLICATE_METHOD_MATCH = YES;
				CODE_SIGN_IDENTITY = "iPhone Developer";
				COPY_PHASE_STRIP = NO;
				DEBUG_INFORMATION_FORMAT = "dwarf-with-dsym";
				ENABLE_NS_ASSERTIONS = NO;
				ENABLE_STRICT_OBJC_MSGSEND = YES;
				GCC_C_LANGUAGE_STANDARD = gnu11;
				GCC_NO_COMMON_BLOCKS = YES;
				GCC_WARN_64_TO_32_BIT_CONVERSION = YES;
				GCC_WARN_ABOUT_RETURN_TYPE = YES_ERROR;
				GCC_WARN_UNDECLARED_SELECTOR = YES;
				GCC_WARN_UNINITIALIZED_AUTOS = YES_AGGRESSIVE;
				GCC_WARN_UNUSED_FUNCTION = YES;
				GCC_WARN_UNUSED_VARIABLE = YES;
				IPHONEOS_DEPLOYMENT_TARGET = 12.1;
				MTL_ENABLE_DEBUG_INFO = NO;
				MTL_FAST_MATH = YES;
				SDKROOT = iphoneos;
				SWIFT_COMPILATION_MODE = wholemodule;
				SWIFT_OPTIMIZATION_LEVEL = "-O";
				VALIDATE_PRODUCT = YES;
			};
			name = Release;
		};
		ABBD561521B046660084AA75 /* Debug */ = {
			isa = XCBuildConfiguration;
			buildSettings = {
				ASSETCATALOG_COMPILER_APPICON_NAME = AppIcon;
				CODE_SIGN_STYLE = Automatic;
				DEVELOPMENT_TEAM = HSRQC9N69B;
				INFOPLIST_FILE = CrayonColorList/Info.plist;
				LD_RUNPATH_SEARCH_PATHS = (
					"$(inherited)",
					"@executable_path/Frameworks",
				);
				PRODUCT_BUNDLE_IDENTIFIER = com.jkaunert.CrayonColorList;
				PRODUCT_NAME = "$(TARGET_NAME)";
				SWIFT_VERSION = 4.2;
				TARGETED_DEVICE_FAMILY = "1,2";
			};
			name = Debug;
		};
		ABBD561621B046660084AA75 /* Release */ = {
			isa = XCBuildConfiguration;
			buildSettings = {
				ASSETCATALOG_COMPILER_APPICON_NAME = AppIcon;
				CODE_SIGN_STYLE = Automatic;
				DEVELOPMENT_TEAM = HSRQC9N69B;
				INFOPLIST_FILE = CrayonColorList/Info.plist;
				LD_RUNPATH_SEARCH_PATHS = (
					"$(inherited)",
					"@executable_path/Frameworks",
				);
				PRODUCT_BUNDLE_IDENTIFIER = com.jkaunert.CrayonColorList;
				PRODUCT_NAME = "$(TARGET_NAME)";
				SWIFT_VERSION = 4.2;
				TARGETED_DEVICE_FAMILY = "1,2";
			};
			name = Release;
		};
/* End XCBuildConfiguration section */

/* Begin XCConfigurationList section */
		ABBD55FD21B046650084AA75 /* Build configuration list for PBXProject "CrayonColorList" */ = {
			isa = XCConfigurationList;
			buildConfigurations = (
				ABBD561221B046660084AA75 /* Debug */,
				ABBD561321B046660084AA75 /* Release */,
			);
			defaultConfigurationIsVisible = 0;
			defaultConfigurationName = Release;
		};
		ABBD561421B046660084AA75 /* Build configuration list for PBXNativeTarget "CrayonColorList" */ = {
			isa = XCConfigurationList;
			buildConfigurations = (
				ABBD561521B046660084AA75 /* Debug */,
				ABBD561621B046660084AA75 /* Release */,
			);
			defaultConfigurationIsVisible = 0;
			defaultConfigurationName = Release;
		};
/* End XCConfigurationList section */
	};
	rootObject = ABBD55FA21B046650084AA75 /* Project object */;
}
