// !$*UTF8*$!
{
	archiveVersion = 1;
	classes = {
	};
	objectVersion = 50;
	objects = {

/* Begin PBXBuildFile section */
		84119C5821B04590006D2605 /* AppDelegate.swift in Sources */ = {isa = PBXBuildFile; fileRef = 84119C5721B04590006D2605 /* AppDelegate.swift */; };
		84119C5D21B04590006D2605 /* Main.storyboard in Resources */ = {isa = PBXBuildFile; fileRef = 84119C5B21B04590006D2605 /* Main.storyboard */; };
		84119C5F21B04592006D2605 /* Assets.xcassets in Resources */ = {isa = PBXBuildFile; fileRef = 84119C5E21B04592006D2605 /* Assets.xcassets */; };
		84119C6221B04592006D2605 /* LaunchScreen.storyboard in Resources */ = {isa = PBXBuildFile; fileRef = 84119C6021B04592006D2605 /* LaunchScreen.storyboard */; };
		84119C6A21B045DB006D2605 /* Crayon.swift in Sources */ = {isa = PBXBuildFile; fileRef = 84119C6921B045DB006D2605 /* Crayon.swift */; };
		84119C6C21B045FD006D2605 /* Model.swift in Sources */ = {isa = PBXBuildFile; fileRef = 84119C6B21B045FD006D2605 /* Model.swift */; };
		84119C6E21B0494E006D2605 /* TableViewCell.swift in Sources */ = {isa = PBXBuildFile; fileRef = 84119C6D21B0494E006D2605 /* TableViewCell.swift */; };
		84119C7021B0497B006D2605 /* TableViewController.swift in Sources */ = {isa = PBXBuildFile; fileRef = 84119C6F21B0497B006D2605 /* TableViewController.swift */; };
		84119C7221B049AE006D2605 /* DetailViewController.swift in Sources */ = {isa = PBXBuildFile; fileRef = 84119C7121B049AE006D2605 /* DetailViewController.swift */; };
		84119C7421B04A4E006D2605 /* Crayons.xcassets in Resources */ = {isa = PBXBuildFile; fileRef = 84119C7321B04A4E006D2605 /* Crayons.xcassets */; };
/* End PBXBuildFile section */

/* Begin PBXFileReference section */
		84119C5421B04590006D2605 /* Sprint Challenge 3 - Crayons.app */ = {isa = PBXFileReference; explicitFileType = wrapper.application; includeInIndex = 0; path = "Sprint Challenge 3 - Crayons.app"; sourceTree = BUILT_PRODUCTS_DIR; };
		84119C5721B04590006D2605 /* AppDelegate.swift */ = {isa = PBXFileReference; lastKnownFileType = sourcecode.swift; path = AppDelegate.swift; sourceTree = "<group>"; };
		84119C5C21B04590006D2605 /* Base */ = {isa = PBXFileReference; lastKnownFileType = file.storyboard; name = Base; path = Base.lproj/Main.storyboard; sourceTree = "<group>"; };
		84119C5E21B04592006D2605 /* Assets.xcassets */ = {isa = PBXFileReference; lastKnownFileType = folder.assetcatalog; path = Assets.xcassets; sourceTree = "<group>"; };
		84119C6121B04592006D2605 /* Base */ = {isa = PBXFileReference; lastKnownFileType = file.storyboard; name = Base; path = Base.lproj/LaunchScreen.storyboard; sourceTree = "<group>"; };
		84119C6321B04592006D2605 /* Info.plist */ = {isa = PBXFileReference; lastKnownFileType = text.plist.xml; path = Info.plist; sourceTree = "<group>"; };
		84119C6921B045DB006D2605 /* Crayon.swift */ = {isa = PBXFileReference; lastKnownFileType = sourcecode.swift; path = Crayon.swift; sourceTree = "<group>"; };
		84119C6B21B045FD006D2605 /* Model.swift */ = {isa = PBXFileReference; lastKnownFileType = sourcecode.swift; path = Model.swift; sourceTree = "<group>"; };
		84119C6D21B0494E006D2605 /* TableViewCell.swift */ = {isa = PBXFileReference; lastKnownFileType = sourcecode.swift; path = TableViewCell.swift; sourceTree = "<group>"; };
		84119C6F21B0497B006D2605 /* TableViewController.swift */ = {isa = PBXFileReference; lastKnownFileType = sourcecode.swift; path = TableViewController.swift; sourceTree = "<group>"; };
		84119C7121B049AE006D2605 /* DetailViewController.swift */ = {isa = PBXFileReference; lastKnownFileType = sourcecode.swift; path = DetailViewController.swift; sourceTree = "<group>"; };
		84119C7321B04A4E006D2605 /* Crayons.xcassets */ = {isa = PBXFileReference; lastKnownFileType = folder.assetcatalog; name = Crayons.xcassets; path = ../../Crayons.xcassets; sourceTree = "<group>"; };
/* End PBXFileReference section */

/* Begin PBXFrameworksBuildPhase section */
		84119C5121B04590006D2605 /* Frameworks */ = {
			isa = PBXFrameworksBuildPhase;
			buildActionMask = 2147483647;
			files = (
			);
			runOnlyForDeploymentPostprocessing = 0;
		};
/* End PBXFrameworksBuildPhase section */

/* Begin PBXGroup section */
		84119C4B21B04590006D2605 = {
			isa = PBXGroup;
			children = (
				84119C5621B04590006D2605 /* Sprint Challenge 3 - Crayons */,
				84119C5521B04590006D2605 /* Products */,
			);
			sourceTree = "<group>";
		};
		84119C5521B04590006D2605 /* Products */ = {
			isa = PBXGroup;
			children = (
				84119C5421B04590006D2605 /* Sprint Challenge 3 - Crayons.app */,
			);
			name = Products;
			sourceTree = "<group>";
		};
		84119C5621B04590006D2605 /* Sprint Challenge 3 - Crayons */ = {
			isa = PBXGroup;
			children = (
				84119C5B21B04590006D2605 /* Main.storyboard */,
				84119C6921B045DB006D2605 /* Crayon.swift */,
				84119C6B21B045FD006D2605 /* Model.swift */,
				84119C6D21B0494E006D2605 /* TableViewCell.swift */,
				84119C6F21B0497B006D2605 /* TableViewController.swift */,
				84119C7121B049AE006D2605 /* DetailViewController.swift */,
				84119C5721B04590006D2605 /* AppDelegate.swift */,
				84119C7321B04A4E006D2605 /* Crayons.xcassets */,
				84119C5E21B04592006D2605 /* Assets.xcassets */,
				84119C6021B04592006D2605 /* LaunchScreen.storyboard */,
				84119C6321B04592006D2605 /* Info.plist */,
			);
			path = "Sprint Challenge 3 - Crayons";
			sourceTree = "<group>";
		};
/* End PBXGroup section */

/* Begin PBXNativeTarget section */
		84119C5321B04590006D2605 /* Sprint Challenge 3 - Crayons */ = {
			isa = PBXNativeTarget;
			buildConfigurationList = 84119C6621B04592006D2605 /* Build configuration list for PBXNativeTarget "Sprint Challenge 3 - Crayons" */;
			buildPhases = (
				84119C5021B04590006D2605 /* Sources */,
				84119C5121B04590006D2605 /* Frameworks */,
				84119C5221B04590006D2605 /* Resources */,
			);
			buildRules = (
			);
			dependencies = (
			);
			name = "Sprint Challenge 3 - Crayons";
			productName = "Sprint Challenge 3 - Crayons";
			productReference = 84119C5421B04590006D2605 /* Sprint Challenge 3 - Crayons.app */;
			productType = "com.apple.product-type.application";
		};
/* End PBXNativeTarget section */

/* Begin PBXProject section */
		84119C4C21B04590006D2605 /* Project object */ = {
			isa = PBXProject;
			attributes = {
				LastSwiftUpdateCheck = 1010;
				LastUpgradeCheck = 1010;
				ORGANIZATIONNAME = "Audrey Welch";
				TargetAttributes = {
					84119C5321B04590006D2605 = {
						CreatedOnToolsVersion = 10.1;
					};
				};
			};
			buildConfigurationList = 84119C4F21B04590006D2605 /* Build configuration list for PBXProject "Sprint Challenge 3 - Crayons" */;
			compatibilityVersion = "Xcode 9.3";
			developmentRegion = en;
			hasScannedForEncodings = 0;
			knownRegions = (
				en,
				Base,
			);
			mainGroup = 84119C4B21B04590006D2605;
			productRefGroup = 84119C5521B04590006D2605 /* Products */;
			projectDirPath = "";
			projectRoot = "";
			targets = (
				84119C5321B04590006D2605 /* Sprint Challenge 3 - Crayons */,
			);
		};
/* End PBXProject section */

/* Begin PBXResourcesBuildPhase section */
		84119C5221B04590006D2605 /* Resources */ = {
			isa = PBXResourcesBuildPhase;
			buildActionMask = 2147483647;
			files = (
				84119C6221B04592006D2605 /* LaunchScreen.storyboard in Resources */,
				84119C5F21B04592006D2605 /* Assets.xcassets in Resources */,
				84119C5D21B04590006D2605 /* Main.storyboard in Resources */,
				84119C7421B04A4E006D2605 /* Crayons.xcassets in Resources */,
			);
			runOnlyForDeploymentPostprocessing = 0;
		};
/* End PBXResourcesBuildPhase section */

/* Begin PBXSourcesBuildPhase section */
		84119C5021B04590006D2605 /* Sources */ = {
			isa = PBXSourcesBuildPhase;
			buildActionMask = 2147483647;
			files = (
				84119C6E21B0494E006D2605 /* TableViewCell.swift in Sources */,
				84119C7021B0497B006D2605 /* TableViewController.swift in Sources */,
				84119C6A21B045DB006D2605 /* Crayon.swift in Sources */,
				84119C5821B04590006D2605 /* AppDelegate.swift in Sources */,
				84119C6C21B045FD006D2605 /* Model.swift in Sources */,
				84119C7221B049AE006D2605 /* DetailViewController.swift in Sources */,
			);
			runOnlyForDeploymentPostprocessing = 0;
		};
/* End PBXSourcesBuildPhase section */

/* Begin PBXVariantGroup section */
		84119C5B21B04590006D2605 /* Main.storyboard */ = {
			isa = PBXVariantGroup;
			children = (
				84119C5C21B04590006D2605 /* Base */,
			);
			name = Main.storyboard;
			sourceTree = "<group>";
		};
		84119C6021B04592006D2605 /* LaunchScreen.storyboard */ = {
			isa = PBXVariantGroup;
			children = (
				84119C6121B04592006D2605 /* Base */,
			);
			name = LaunchScreen.storyboard;
			sourceTree = "<group>";
		};
/* End PBXVariantGroup section */

/* Begin XCBuildConfiguration section */
		84119C6421B04592006D2605 /* Debug */ = {
			isa = XCBuildConfiguration;
			buildSettings = {
				ALWAYS_SEARCH_USER_PATHS = NO;
				CLANG_ANALYZER_NONNULL = YES;
				CLANG_ANALYZER_NUMBER_OBJECT_CONVERSION = YES_AGGRESSIVE;
				CLANG_CXX_LANGUAGE_STANDARD = "gnu++14";
				CLANG_CXX_LIBRARY = "libc++";
				CLANG_ENABLE_MODULES = YES;
				CLANG_ENABLE_OBJC_ARC = YES;
				CLANG_ENABLE_OBJC_WEAK = YES;
				CLANG_WARN_BLOCK_CAPTURE_AUTORELEASING = YES;
				CLANG_WARN_BOOL_CONVERSION = YES;
				CLANG_WARN_COMMA = YES;
				CLANG_WARN_CONSTANT_CONVERSION = YES;
				CLANG_WARN_DEPRECATED_OBJC_IMPLEMENTATIONS = YES;
				CLANG_WARN_DIRECT_OBJC_ISA_USAGE = YES_ERROR;
				CLANG_WARN_DOCUMENTATION_COMMENTS = YES;
				CLANG_WARN_EMPTY_BODY = YES;
				CLANG_WARN_ENUM_CONVERSION = YES;
				CLANG_WARN_INFINITE_RECURSION = YES;
				CLANG_WARN_INT_CONVERSION = YES;
				CLANG_WARN_NON_LITERAL_NULL_CONVERSION = YES;
				CLANG_WARN_OBJC_IMPLICIT_RETAIN_SELF = YES;
				CLANG_WARN_OBJC_LITERAL_CONVERSION = YES;
				CLANG_WARN_OBJC_ROOT_CLASS = YES_ERROR;
				CLANG_WARN_RANGE_LOOP_ANALYSIS = YES;
				CLANG_WARN_STRICT_PROTOTYPES = YES;
				CLANG_WARN_SUSPICIOUS_MOVE = YES;
				CLANG_WARN_UNGUARDED_AVAILABILITY = YES_AGGRESSIVE;
				CLANG_WARN_UNREACHABLE_CODE = YES;
				CLANG_WARN__DUPLICATE_METHOD_MATCH = YES;
				CODE_SIGN_IDENTITY = "iPhone Developer";
				COPY_PHASE_STRIP = NO;
				DEBUG_INFORMATION_FORMAT = dwarf;
				ENABLE_STRICT_OBJC_MSGSEND = YES;
				ENABLE_TESTABILITY = YES;
				GCC_C_LANGUAGE_STANDARD = gnu11;
				GCC_DYNAMIC_NO_PIC = NO;
				GCC_NO_COMMON_BLOCKS = YES;
				GCC_OPTIMIZATION_LEVEL = 0;
				GCC_PREPROCESSOR_DEFINITIONS = (
					"DEBUG=1",
					"$(inherited)",
				);
				GCC_WARN_64_TO_32_BIT_CONVERSION = YES;
				GCC_WARN_ABOUT_RETURN_TYPE = YES_ERROR;
				GCC_WARN_UNDECLARED_SELECTOR = YES;
				GCC_WARN_UNINITIALIZED_AUTOS = YES_AGGRESSIVE;
				GCC_WARN_UNUSED_FUNCTION = YES;
				GCC_WARN_UNUSED_VARIABLE = YES;
				IPHONEOS_DEPLOYMENT_TARGET = 12.1;
				MTL_ENABLE_DEBUG_INFO = INCLUDE_SOURCE;
				MTL_FAST_MATH = YES;
				ONLY_ACTIVE_ARCH = YES;
				SDKROOT = iphoneos;
				SWIFT_ACTIVE_COMPILATION_CONDITIONS = DEBUG;
				SWIFT_OPTIMIZATION_LEVEL = "-Onone";
			};
			name = Debug;
		};
		84119C6521B04592006D2605 /* Release */ = {
			isa = XCBuildConfiguration;
			buildSettings = {
				ALWAYS_SEARCH_USER_PATHS = NO;
				CLANG_ANALYZER_NONNULL = YES;
				CLANG_ANALYZER_NUMBER_OBJECT_CONVERSION = YES_AGGRESSIVE;
				CLANG_CXX_LANGUAGE_STANDARD = "gnu++14";
				CLANG_CXX_LIBRARY = "libc++";
				CLANG_ENABLE_MODULES = YES;
				CLANG_ENABLE_OBJC_ARC = YES;
				CLANG_ENABLE_OBJC_WEAK = YES;
				CLANG_WARN_BLOCK_CAPTURE_AUTORELEASING = YES;
				CLANG_WARN_BOOL_CONVERSION = YES;
				CLANG_WARN_COMMA = YES;
				CLANG_WARN_CONSTANT_CONVERSION = YES;
				CLANG_WARN_DEPRECATED_OBJC_IMPLEMENTATIONS = YES;
				CLANG_WARN_DIRECT_OBJC_ISA_USAGE = YES_ERROR;
				CLANG_WARN_DOCUMENTATION_COMMENTS = YES;
				CLANG_WARN_EMPTY_BODY = YES;
				CLANG_WARN_ENUM_CONVERSION = YES;
				CLANG_WARN_INFINITE_RECURSION = YES;
				CLANG_WARN_INT_CONVERSION = YES;
				CLANG_WARN_NON_LITERAL_NULL_CONVERSION = YES;
				CLANG_WARN_OBJC_IMPLICIT_RETAIN_SELF = YES;
				CLANG_WARN_OBJC_LITERAL_CONVERSION = YES;
				CLANG_WARN_OBJC_ROOT_CLASS = YES_ERROR;
				CLANG_WARN_RANGE_LOOP_ANALYSIS = YES;
				CLANG_WARN_STRICT_PROTOTYPES = YES;
				CLANG_WARN_SUSPICIOUS_MOVE = YES;
				CLANG_WARN_UNGUARDED_AVAILABILITY = YES_AGGRESSIVE;
				CLANG_WARN_UNREACHABLE_CODE = YES;
				CLANG_WARN__DUPLICATE_METHOD_MATCH = YES;
				CODE_SIGN_IDENTITY = "iPhone Developer";
				COPY_PHASE_STRIP = NO;
				DEBUG_INFORMATION_FORMAT = "dwarf-with-dsym";
				ENABLE_NS_ASSERTIONS = NO;
				ENABLE_STRICT_OBJC_MSGSEND = YES;
				GCC_C_LANGUAGE_STANDARD = gnu11;
				GCC_NO_COMMON_BLOCKS = YES;
				GCC_WARN_64_TO_32_BIT_CONVERSION = YES;
				GCC_WARN_ABOUT_RETURN_TYPE = YES_ERROR;
				GCC_WARN_UNDECLARED_SELECTOR = YES;
				GCC_WARN_UNINITIALIZED_AUTOS = YES_AGGRESSIVE;
				GCC_WARN_UNUSED_FUNCTION = YES;
				GCC_WARN_UNUSED_VARIABLE = YES;
				IPHONEOS_DEPLOYMENT_TARGET = 12.1;
				MTL_ENABLE_DEBUG_INFO = NO;
				MTL_FAST_MATH = YES;
				SDKROOT = iphoneos;
				SWIFT_COMPILATION_MODE = wholemodule;
				SWIFT_OPTIMIZATION_LEVEL = "-O";
				VALIDATE_PRODUCT = YES;
			};
			name = Release;
		};
		84119C6721B04592006D2605 /* Debug */ = {
			isa = XCBuildConfiguration;
			buildSettings = {
				ASSETCATALOG_COMPILER_APPICON_NAME = AppIcon;
				CODE_SIGN_STYLE = Automatic;
				INFOPLIST_FILE = "Sprint Challenge 3 - Crayons/Info.plist";
				LD_RUNPATH_SEARCH_PATHS = (
					"$(inherited)",
					"@executable_path/Frameworks",
				);
				PRODUCT_BUNDLE_IDENTIFIER = "com.audreywelch.Sprint-Challenge-3---Crayons";
				PRODUCT_NAME = "$(TARGET_NAME)";
				SWIFT_VERSION = 4.2;
				TARGETED_DEVICE_FAMILY = "1,2";
			};
			name = Debug;
		};
		84119C6821B04592006D2605 /* Release */ = {
			isa = XCBuildConfiguration;
			buildSettings = {
				ASSETCATALOG_COMPILER_APPICON_NAME = AppIcon;
				CODE_SIGN_STYLE = Automatic;
				INFOPLIST_FILE = "Sprint Challenge 3 - Crayons/Info.plist";
				LD_RUNPATH_SEARCH_PATHS = (
					"$(inherited)",
					"@executable_path/Frameworks",
				);
				PRODUCT_BUNDLE_IDENTIFIER = "com.audreywelch.Sprint-Challenge-3---Crayons";
				PRODUCT_NAME = "$(TARGET_NAME)";
				SWIFT_VERSION = 4.2;
				TARGETED_DEVICE_FAMILY = "1,2";
			};
			name = Release;
		};
/* End XCBuildConfiguration section */

/* Begin XCConfigurationList section */
		84119C4F21B04590006D2605 /* Build configuration list for PBXProject "Sprint Challenge 3 - Crayons" */ = {
			isa = XCConfigurationList;
			buildConfigurations = (
				84119C6421B04592006D2605 /* Debug */,
				84119C6521B04592006D2605 /* Release */,
			);
			defaultConfigurationIsVisible = 0;
			defaultConfigurationName = Release;
		};
		84119C6621B04592006D2605 /* Build configuration list for PBXNativeTarget "Sprint Challenge 3 - Crayons" */ = {
			isa = XCConfigurationList;
			buildConfigurations = (
				84119C6721B04592006D2605 /* Debug */,
				84119C6821B04592006D2605 /* Release */,
			);
			defaultConfigurationIsVisible = 0;
			defaultConfigurationName = Release;
		};
/* End XCConfigurationList section */
	};
	rootObject = 84119C4C21B04590006D2605 /* Project object */;
}
