// !$*UTF8*$!
{
	archiveVersion = 1;
	classes = {
	};
	objectVersion = 50;
	objects = {

/* Begin PBXBuildFile section */
		2C2245F8219F232E00DB7CC1 /* AppDelegate.swift in Sources */ = {isa = PBXBuildFile; fileRef = 2C2245F7219F232E00DB7CC1 /* AppDelegate.swift */; };
		2C2245FA219F232E00DB7CC1 /* ViewController.swift in Sources */ = {isa = PBXBuildFile; fileRef = 2C2245F9219F232E00DB7CC1 /* ViewController.swift */; };
		2C2245FD219F232E00DB7CC1 /* Main.storyboard in Resources */ = {isa = PBXBuildFile; fileRef = 2C2245FB219F232E00DB7CC1 /* Main.storyboard */; };
		2C2245FF219F234E00DB7CC1 /* Assets.xcassets in Resources */ = {isa = PBXBuildFile; fileRef = 2C2245FE219F234E00DB7CC1 /* Assets.xcassets */; };
		2C224602219F234E00DB7CC1 /* LaunchScreen.storyboard in Resources */ = {isa = PBXBuildFile; fileRef = 2C224600219F234E00DB7CC1 /* LaunchScreen.storyboard */; };
		2C22460A219F23B300DB7CC1 /* CrayonModel.swift in Sources */ = {isa = PBXBuildFile; fileRef = 2C224609219F23B300DB7CC1 /* CrayonModel.swift */; };
		2C22460C219F23C400DB7CC1 /* Crayon.swift in Sources */ = {isa = PBXBuildFile; fileRef = 2C22460B219F23C400DB7CC1 /* Crayon.swift */; };
/* End PBXBuildFile section */

/* Begin PBXFileReference section */
		2C2245F4219F232E00DB7CC1 /* Color List.app */ = {isa = PBXFileReference; explicitFileType = wrapper.application; includeInIndex = 0; path = "Color List.app"; sourceTree = BUILT_PRODUCTS_DIR; };
		2C2245F7219F232E00DB7CC1 /* AppDelegate.swift */ = {isa = PBXFileReference; lastKnownFileType = sourcecode.swift; path = AppDelegate.swift; sourceTree = "<group>"; };
		2C2245F9219F232E00DB7CC1 /* ViewController.swift */ = {isa = PBXFileReference; lastKnownFileType = sourcecode.swift; path = ViewController.swift; sourceTree = "<group>"; };
		2C2245FC219F232E00DB7CC1 /* Base */ = {isa = PBXFileReference; lastKnownFileType = file.storyboard; name = Base; path = Base.lproj/Main.storyboard; sourceTree = "<group>"; };
		2C2245FE219F234E00DB7CC1 /* Assets.xcassets */ = {isa = PBXFileReference; lastKnownFileType = folder.assetcatalog; path = Assets.xcassets; sourceTree = "<group>"; };
		2C224601219F234E00DB7CC1 /* Base */ = {isa = PBXFileReference; lastKnownFileType = file.storyboard; name = Base; path = Base.lproj/LaunchScreen.storyboard; sourceTree = "<group>"; };
		2C224603219F234E00DB7CC1 /* Info.plist */ = {isa = PBXFileReference; lastKnownFileType = text.plist.xml; path = Info.plist; sourceTree = "<group>"; };
		2C224609219F23B300DB7CC1 /* CrayonModel.swift */ = {isa = PBXFileReference; lastKnownFileType = sourcecode.swift; path = CrayonModel.swift; sourceTree = "<group>"; };
		2C22460B219F23C400DB7CC1 /* Crayon.swift */ = {isa = PBXFileReference; lastKnownFileType = sourcecode.swift; path = Crayon.swift; sourceTree = "<group>"; };
/* End PBXFileReference section */

/* Begin PBXFrameworksBuildPhase section */
		2C2245F1219F232E00DB7CC1 /* Frameworks */ = {
			isa = PBXFrameworksBuildPhase;
			buildActionMask = 2147483647;
			files = (
			);
			runOnlyForDeploymentPostprocessing = 0;
		};
/* End PBXFrameworksBuildPhase section */

/* Begin PBXGroup section */
		2C2245EB219F232E00DB7CC1 = {
			isa = PBXGroup;
			children = (
				2C2245F6219F232E00DB7CC1 /* Color List */,
				2C2245F5219F232E00DB7CC1 /* Products */,
			);
			sourceTree = "<group>";
		};
		2C2245F5219F232E00DB7CC1 /* Products */ = {
			isa = PBXGroup;
			children = (
				2C2245F4219F232E00DB7CC1 /* Color List.app */,
			);
			name = Products;
			sourceTree = "<group>";
		};
		2C2245F6219F232E00DB7CC1 /* Color List */ = {
			isa = PBXGroup;
			children = (
				2C224609219F23B300DB7CC1 /* CrayonModel.swift */,
				2C22460B219F23C400DB7CC1 /* Crayon.swift */,
				2C2245F7219F232E00DB7CC1 /* AppDelegate.swift */,
				2C2245F9219F232E00DB7CC1 /* ViewController.swift */,
				2C2245FB219F232E00DB7CC1 /* Main.storyboard */,
				2C2245FE219F234E00DB7CC1 /* Assets.xcassets */,
				2C224600219F234E00DB7CC1 /* LaunchScreen.storyboard */,
				2C224603219F234E00DB7CC1 /* Info.plist */,
			);
			path = "Color List";
			sourceTree = "<group>";
		};
/* End PBXGroup section */

/* Begin PBXNativeTarget section */
		2C2245F3219F232E00DB7CC1 /* Color List */ = {
			isa = PBXNativeTarget;
			buildConfigurationList = 2C224606219F234E00DB7CC1 /* Build configuration list for PBXNativeTarget "Color List" */;
			buildPhases = (
				2C2245F0219F232E00DB7CC1 /* Sources */,
				2C2245F1219F232E00DB7CC1 /* Frameworks */,
				2C2245F2219F232E00DB7CC1 /* Resources */,
			);
			buildRules = (
			);
			dependencies = (
			);
			name = "Color List";
			productName = "Color List";
			productReference = 2C2245F4219F232E00DB7CC1 /* Color List.app */;
			productType = "com.apple.product-type.application";
		};
/* End PBXNativeTarget section */

/* Begin PBXProject section */
		2C2245EC219F232E00DB7CC1 /* Project object */ = {
			isa = PBXProject;
			attributes = {
				LastSwiftUpdateCheck = 1010;
				LastUpgradeCheck = 1010;
				ORGANIZATIONNAME = "Ivan Caldwell";
				TargetAttributes = {
					2C2245F3219F232E00DB7CC1 = {
						CreatedOnToolsVersion = 10.1;
					};
				};
			};
			buildConfigurationList = 2C2245EF219F232E00DB7CC1 /* Build configuration list for PBXProject "Color List" */;
			compatibilityVersion = "Xcode 9.3";
			developmentRegion = en;
			hasScannedForEncodings = 0;
			knownRegions = (
				en,
				Base,
			);
			mainGroup = 2C2245EB219F232E00DB7CC1;
			productRefGroup = 2C2245F5219F232E00DB7CC1 /* Products */;
			projectDirPath = "";
			projectRoot = "";
			targets = (
				2C2245F3219F232E00DB7CC1 /* Color List */,
			);
		};
/* End PBXProject section */

/* Begin PBXResourcesBuildPhase section */
		2C2245F2219F232E00DB7CC1 /* Resources */ = {
			isa = PBXResourcesBuildPhase;
			buildActionMask = 2147483647;
			files = (
				2C224602219F234E00DB7CC1 /* LaunchScreen.storyboard in Resources */,
				2C2245FF219F234E00DB7CC1 /* Assets.xcassets in Resources */,
				2C2245FD219F232E00DB7CC1 /* Main.storyboard in Resources */,
			);
			runOnlyForDeploymentPostprocessing = 0;
		};
/* End PBXResourcesBuildPhase section */

/* Begin PBXSourcesBuildPhase section */
		2C2245F0219F232E00DB7CC1 /* Sources */ = {
			isa = PBXSourcesBuildPhase;
			buildActionMask = 2147483647;
			files = (
				2C2245FA219F232E00DB7CC1 /* ViewController.swift in Sources */,
				2C22460A219F23B300DB7CC1 /* CrayonModel.swift in Sources */,
				2C2245F8219F232E00DB7CC1 /* AppDelegate.swift in Sources */,
				2C22460C219F23C400DB7CC1 /* Crayon.swift in Sources */,
			);
			runOnlyForDeploymentPostprocessing = 0;
		};
/* End PBXSourcesBuildPhase section */

/* Begin PBXVariantGroup section */
		2C2245FB219F232E00DB7CC1 /* Main.storyboard */ = {
			isa = PBXVariantGroup;
			children = (
				2C2245FC219F232E00DB7CC1 /* Base */,
			);
			name = Main.storyboard;
			sourceTree = "<group>";
		};
		2C224600219F234E00DB7CC1 /* LaunchScreen.storyboard */ = {
			isa = PBXVariantGroup;
			children = (
				2C224601219F234E00DB7CC1 /* Base */,
			);
			name = LaunchScreen.storyboard;
			sourceTree = "<group>";
		};
/* End PBXVariantGroup section */

/* Begin XCBuildConfiguration section */
		2C224604219F234E00DB7CC1 /* Debug */ = {
			isa = XCBuildConfiguration;
			buildSettings = {
				ALWAYS_SEARCH_USER_PATHS = NO;
				CLANG_ANALYZER_NONNULL = YES;
				CLANG_ANALYZER_NUMBER_OBJECT_CONVERSION = YES_AGGRESSIVE;
				CLANG_CXX_LANGUAGE_STANDARD = "gnu++14";
				CLANG_CXX_LIBRARY = "libc++";
				CLANG_ENABLE_MODULES = YES;
				CLANG_ENABLE_OBJC_ARC = YES;
				CLANG_ENABLE_OBJC_WEAK = YES;
				CLANG_WARN_BLOCK_CAPTURE_AUTORELEASING = YES;
				CLANG_WARN_BOOL_CONVERSION = YES;
				CLANG_WARN_COMMA = YES;
				CLANG_WARN_CONSTANT_CONVERSION = YES;
				CLANG_WARN_DEPRECATED_OBJC_IMPLEMENTATIONS = YES;
				CLANG_WARN_DIRECT_OBJC_ISA_USAGE = YES_ERROR;
				CLANG_WARN_DOCUMENTATION_COMMENTS = YES;
				CLANG_WARN_EMPTY_BODY = YES;
				CLANG_WARN_ENUM_CONVERSION = YES;
				CLANG_WARN_INFINITE_RECURSION = YES;
				CLANG_WARN_INT_CONVERSION = YES;
				CLANG_WARN_NON_LITERAL_NULL_CONVERSION = YES;
				CLANG_WARN_OBJC_IMPLICIT_RETAIN_SELF = YES;
				CLANG_WARN_OBJC_LITERAL_CONVERSION = YES;
				CLANG_WARN_OBJC_ROOT_CLASS = YES_ERROR;
				CLANG_WARN_RANGE_LOOP_ANALYSIS = YES;
				CLANG_WARN_STRICT_PROTOTYPES = YES;
				CLANG_WARN_SUSPICIOUS_MOVE = YES;
				CLANG_WARN_UNGUARDED_AVAILABILITY = YES_AGGRESSIVE;
				CLANG_WARN_UNREACHABLE_CODE = YES;
				CLANG_WARN__DUPLICATE_METHOD_MATCH = YES;
				CODE_SIGN_IDENTITY = "iPhone Developer";
				COPY_PHASE_STRIP = NO;
				DEBUG_INFORMATION_FORMAT = dwarf;
				ENABLE_STRICT_OBJC_MSGSEND = YES;
				ENABLE_TESTABILITY = YES;
				GCC_C_LANGUAGE_STANDARD = gnu11;
				GCC_DYNAMIC_NO_PIC = NO;
				GCC_NO_COMMON_BLOCKS = YES;
				GCC_OPTIMIZATION_LEVEL = 0;
				GCC_PREPROCESSOR_DEFINITIONS = (
					"DEBUG=1",
					"$(inherited)",
				);
				GCC_WARN_64_TO_32_BIT_CONVERSION = YES;
				GCC_WARN_ABOUT_RETURN_TYPE = YES_ERROR;
				GCC_WARN_UNDECLARED_SELECTOR = YES;
				GCC_WARN_UNINITIALIZED_AUTOS = YES_AGGRESSIVE;
				GCC_WARN_UNUSED_FUNCTION = YES;
				GCC_WARN_UNUSED_VARIABLE = YES;
				IPHONEOS_DEPLOYMENT_TARGET = 12.1;
				MTL_ENABLE_DEBUG_INFO = INCLUDE_SOURCE;
				MTL_FAST_MATH = YES;
				ONLY_ACTIVE_ARCH = YES;
				SDKROOT = iphoneos;
				SWIFT_ACTIVE_COMPILATION_CONDITIONS = DEBUG;
				SWIFT_OPTIMIZATION_LEVEL = "-Onone";
			};
			name = Debug;
		};
		2C224605219F234E00DB7CC1 /* Release */ = {
			isa = XCBuildConfiguration;
			buildSettings = {
				ALWAYS_SEARCH_USER_PATHS = NO;
				CLANG_ANALYZER_NONNULL = YES;
				CLANG_ANALYZER_NUMBER_OBJECT_CONVERSION = YES_AGGRESSIVE;
				CLANG_CXX_LANGUAGE_STANDARD = "gnu++14";
				CLANG_CXX_LIBRARY = "libc++";
				CLANG_ENABLE_MODULES = YES;
				CLANG_ENABLE_OBJC_ARC = YES;
				CLANG_ENABLE_OBJC_WEAK = YES;
				CLANG_WARN_BLOCK_CAPTURE_AUTORELEASING = YES;
				CLANG_WARN_BOOL_CONVERSION = YES;
				CLANG_WARN_COMMA = YES;
				CLANG_WARN_CONSTANT_CONVERSION = YES;
				CLANG_WARN_DEPRECATED_OBJC_IMPLEMENTATIONS = YES;
				CLANG_WARN_DIRECT_OBJC_ISA_USAGE = YES_ERROR;
				CLANG_WARN_DOCUMENTATION_COMMENTS = YES;
				CLANG_WARN_EMPTY_BODY = YES;
				CLANG_WARN_ENUM_CONVERSION = YES;
				CLANG_WARN_INFINITE_RECURSION = YES;
				CLANG_WARN_INT_CONVERSION = YES;
				CLANG_WARN_NON_LITERAL_NULL_CONVERSION = YES;
				CLANG_WARN_OBJC_IMPLICIT_RETAIN_SELF = YES;
				CLANG_WARN_OBJC_LITERAL_CONVERSION = YES;
				CLANG_WARN_OBJC_ROOT_CLASS = YES_ERROR;
				CLANG_WARN_RANGE_LOOP_ANALYSIS = YES;
				CLANG_WARN_STRICT_PROTOTYPES = YES;
				CLANG_WARN_SUSPICIOUS_MOVE = YES;
				CLANG_WARN_UNGUARDED_AVAILABILITY = YES_AGGRESSIVE;
				CLANG_WARN_UNREACHABLE_CODE = YES;
				CLANG_WARN__DUPLICATE_METHOD_MATCH = YES;
				CODE_SIGN_IDENTITY = "iPhone Developer";
				COPY_PHASE_STRIP = NO;
				DEBUG_INFORMATION_FORMAT = "dwarf-with-dsym";
				ENABLE_NS_ASSERTIONS = NO;
				ENABLE_STRICT_OBJC_MSGSEND = YES;
				GCC_C_LANGUAGE_STANDARD = gnu11;
				GCC_NO_COMMON_BLOCKS = YES;
				GCC_WARN_64_TO_32_BIT_CONVERSION = YES;
				GCC_WARN_ABOUT_RETURN_TYPE = YES_ERROR;
				GCC_WARN_UNDECLARED_SELECTOR = YES;
				GCC_WARN_UNINITIALIZED_AUTOS = YES_AGGRESSIVE;
				GCC_WARN_UNUSED_FUNCTION = YES;
				GCC_WARN_UNUSED_VARIABLE = YES;
				IPHONEOS_DEPLOYMENT_TARGET = 12.1;
				MTL_ENABLE_DEBUG_INFO = NO;
				MTL_FAST_MATH = YES;
				SDKROOT = iphoneos;
				SWIFT_COMPILATION_MODE = wholemodule;
				SWIFT_OPTIMIZATION_LEVEL = "-O";
				VALIDATE_PRODUCT = YES;
			};
			name = Release;
		};
		2C224607219F234E00DB7CC1 /* Debug */ = {
			isa = XCBuildConfiguration;
			buildSettings = {
				ASSETCATALOG_COMPILER_APPICON_NAME = AppIcon;
				CODE_SIGN_STYLE = Automatic;
				INFOPLIST_FILE = "Color List/Info.plist";
				LD_RUNPATH_SEARCH_PATHS = (
					"$(inherited)",
					"@executable_path/Frameworks",
				);
				PRODUCT_BUNDLE_IDENTIFIER = "Lambda-iOS.Color-List";
				PRODUCT_NAME = "$(TARGET_NAME)";
				SWIFT_VERSION = 4.2;
				TARGETED_DEVICE_FAMILY = "1,2";
			};
			name = Debug;
		};
		2C224608219F234E00DB7CC1 /* Release */ = {
			isa = XCBuildConfiguration;
			buildSettings = {
				ASSETCATALOG_COMPILER_APPICON_NAME = AppIcon;
				CODE_SIGN_STYLE = Automatic;
				INFOPLIST_FILE = "Color List/Info.plist";
				LD_RUNPATH_SEARCH_PATHS = (
					"$(inherited)",
					"@executable_path/Frameworks",
				);
				PRODUCT_BUNDLE_IDENTIFIER = "Lambda-iOS.Color-List";
				PRODUCT_NAME = "$(TARGET_NAME)";
				SWIFT_VERSION = 4.2;
				TARGETED_DEVICE_FAMILY = "1,2";
			};
			name = Release;
		};
/* End XCBuildConfiguration section */

/* Begin XCConfigurationList section */
		2C2245EF219F232E00DB7CC1 /* Build configuration list for PBXProject "Color List" */ = {
			isa = XCConfigurationList;
			buildConfigurations = (
				2C224604219F234E00DB7CC1 /* Debug */,
				2C224605219F234E00DB7CC1 /* Release */,
			);
			defaultConfigurationIsVisible = 0;
			defaultConfigurationName = Release;
		};
		2C224606219F234E00DB7CC1 /* Build configuration list for PBXNativeTarget "Color List" */ = {
			isa = XCConfigurationList;
			buildConfigurations = (
				2C224607219F234E00DB7CC1 /* Debug */,
				2C224608219F234E00DB7CC1 /* Release */,
			);
			defaultConfigurationIsVisible = 0;
			defaultConfigurationName = Release;
		};
/* End XCConfigurationList section */
	};
	rootObject = 2C2245EC219F232E00DB7CC1 /* Project object */;
}
