// !$*UTF8*$!
{
	archiveVersion = 1;
	classes = {
	};
	objectVersion = 50;
	objects = {

/* Begin PBXBuildFile section */
		2C9E933D21A090FA00780410 /* AppDelegate.swift in Sources */ = {isa = PBXBuildFile; fileRef = 2C9E933C21A090FA00780410 /* AppDelegate.swift */; };
		2C9E934221A090FA00780410 /* Main.storyboard in Resources */ = {isa = PBXBuildFile; fileRef = 2C9E934021A090FA00780410 /* Main.storyboard */; };
		2C9E934421A090FF00780410 /* Assets.xcassets in Resources */ = {isa = PBXBuildFile; fileRef = 2C9E934321A090FF00780410 /* Assets.xcassets */; };
		2C9E934721A090FF00780410 /* LaunchScreen.storyboard in Resources */ = {isa = PBXBuildFile; fileRef = 2C9E934521A090FF00780410 /* LaunchScreen.storyboard */; };
		2C9E934F21A091ED00780410 /* Crayon.swift in Sources */ = {isa = PBXBuildFile; fileRef = 2C9E934E21A091ED00780410 /* Crayon.swift */; };
		2C9E935121A0927400780410 /* CrayonModel.swift in Sources */ = {isa = PBXBuildFile; fileRef = 2C9E935021A0927400780410 /* CrayonModel.swift */; };
		2C9E935321A0930300780410 /* DetailViewController.swift in Sources */ = {isa = PBXBuildFile; fileRef = 2C9E935221A0930300780410 /* DetailViewController.swift */; };
		2C9E935521A0934200780410 /* TableViewCell.swift in Sources */ = {isa = PBXBuildFile; fileRef = 2C9E935421A0934200780410 /* TableViewCell.swift */; };
		2C9E935721A0936B00780410 /* TableViewController.swift in Sources */ = {isa = PBXBuildFile; fileRef = 2C9E935621A0936B00780410 /* TableViewController.swift */; };
/* End PBXBuildFile section */

/* Begin PBXFileReference section */
		2C9E933921A090FA00780410 /* Color List Version 2.app */ = {isa = PBXFileReference; explicitFileType = wrapper.application; includeInIndex = 0; path = "Color List Version 2.app"; sourceTree = BUILT_PRODUCTS_DIR; };
		2C9E933C21A090FA00780410 /* AppDelegate.swift */ = {isa = PBXFileReference; lastKnownFileType = sourcecode.swift; path = AppDelegate.swift; sourceTree = "<group>"; };
		2C9E934121A090FA00780410 /* Base */ = {isa = PBXFileReference; lastKnownFileType = file.storyboard; name = Base; path = Base.lproj/Main.storyboard; sourceTree = "<group>"; };
		2C9E934321A090FF00780410 /* Assets.xcassets */ = {isa = PBXFileReference; lastKnownFileType = folder.assetcatalog; path = Assets.xcassets; sourceTree = "<group>"; };
		2C9E934621A090FF00780410 /* Base */ = {isa = PBXFileReference; lastKnownFileType = file.storyboard; name = Base; path = Base.lproj/LaunchScreen.storyboard; sourceTree = "<group>"; };
		2C9E934821A090FF00780410 /* Info.plist */ = {isa = PBXFileReference; lastKnownFileType = text.plist.xml; path = Info.plist; sourceTree = "<group>"; };
		2C9E934E21A091ED00780410 /* Crayon.swift */ = {isa = PBXFileReference; lastKnownFileType = sourcecode.swift; path = Crayon.swift; sourceTree = "<group>"; };
		2C9E935021A0927400780410 /* CrayonModel.swift */ = {isa = PBXFileReference; lastKnownFileType = sourcecode.swift; path = CrayonModel.swift; sourceTree = "<group>"; };
		2C9E935221A0930300780410 /* DetailViewController.swift */ = {isa = PBXFileReference; lastKnownFileType = sourcecode.swift; path = DetailViewController.swift; sourceTree = "<group>"; };
		2C9E935421A0934200780410 /* TableViewCell.swift */ = {isa = PBXFileReference; lastKnownFileType = sourcecode.swift; path = TableViewCell.swift; sourceTree = "<group>"; };
		2C9E935621A0936B00780410 /* TableViewController.swift */ = {isa = PBXFileReference; lastKnownFileType = sourcecode.swift; path = TableViewController.swift; sourceTree = "<group>"; };
/* End PBXFileReference section */

/* Begin PBXFrameworksBuildPhase section */
		2C9E933621A090FA00780410 /* Frameworks */ = {
			isa = PBXFrameworksBuildPhase;
			buildActionMask = 2147483647;
			files = (
			);
			runOnlyForDeploymentPostprocessing = 0;
		};
/* End PBXFrameworksBuildPhase section */

/* Begin PBXGroup section */
		2C9E933021A090FA00780410 = {
			isa = PBXGroup;
			children = (
				2C9E933B21A090FA00780410 /* Color List Version 2 */,
				2C9E933A21A090FA00780410 /* Products */,
			);
			sourceTree = "<group>";
		};
		2C9E933A21A090FA00780410 /* Products */ = {
			isa = PBXGroup;
			children = (
				2C9E933921A090FA00780410 /* Color List Version 2.app */,
			);
			name = Products;
			sourceTree = "<group>";
		};
		2C9E933B21A090FA00780410 /* Color List Version 2 */ = {
			isa = PBXGroup;
			children = (
				2C9E934021A090FA00780410 /* Main.storyboard */,
				2C9E934321A090FF00780410 /* Assets.xcassets */,
				2C9E934521A090FF00780410 /* LaunchScreen.storyboard */,
				2C9E934E21A091ED00780410 /* Crayon.swift */,
				2C9E935221A0930300780410 /* DetailViewController.swift */,
				2C9E935421A0934200780410 /* TableViewCell.swift */,
				2C9E935621A0936B00780410 /* TableViewController.swift */,
				2C9E933C21A090FA00780410 /* AppDelegate.swift */,
				2C9E935021A0927400780410 /* CrayonModel.swift */,
				2C9E934821A090FF00780410 /* Info.plist */,
			);
			path = "Color List Version 2";
			sourceTree = "<group>";
		};
/* End PBXGroup section */

/* Begin PBXNativeTarget section */
		2C9E933821A090FA00780410 /* Color List Version 2 */ = {
			isa = PBXNativeTarget;
			buildConfigurationList = 2C9E934B21A090FF00780410 /* Build configuration list for PBXNativeTarget "Color List Version 2" */;
			buildPhases = (
				2C9E933521A090FA00780410 /* Sources */,
				2C9E933621A090FA00780410 /* Frameworks */,
				2C9E933721A090FA00780410 /* Resources */,
			);
			buildRules = (
			);
			dependencies = (
			);
			name = "Color List Version 2";
			productName = "Color List Version 2";
			productReference = 2C9E933921A090FA00780410 /* Color List Version 2.app */;
			productType = "com.apple.product-type.application";
		};
/* End PBXNativeTarget section */

/* Begin PBXProject section */
		2C9E933121A090FA00780410 /* Project object */ = {
			isa = PBXProject;
			attributes = {
				LastSwiftUpdateCheck = 1010;
				LastUpgradeCheck = 1010;
				ORGANIZATIONNAME = "Ivan Caldwell";
				TargetAttributes = {
					2C9E933821A090FA00780410 = {
						CreatedOnToolsVersion = 10.1;
					};
				};
			};
			buildConfigurationList = 2C9E933421A090FA00780410 /* Build configuration list for PBXProject "Color List Version 2" */;
			compatibilityVersion = "Xcode 9.3";
			developmentRegion = en;
			hasScannedForEncodings = 0;
			knownRegions = (
				en,
				Base,
			);
			mainGroup = 2C9E933021A090FA00780410;
			productRefGroup = 2C9E933A21A090FA00780410 /* Products */;
			projectDirPath = "";
			projectRoot = "";
			targets = (
				2C9E933821A090FA00780410 /* Color List Version 2 */,
			);
		};
/* End PBXProject section */

/* Begin PBXResourcesBuildPhase section */
		2C9E933721A090FA00780410 /* Resources */ = {
			isa = PBXResourcesBuildPhase;
			buildActionMask = 2147483647;
			files = (
				2C9E934721A090FF00780410 /* LaunchScreen.storyboard in Resources */,
				2C9E934421A090FF00780410 /* Assets.xcassets in Resources */,
				2C9E934221A090FA00780410 /* Main.storyboard in Resources */,
			);
			runOnlyForDeploymentPostprocessing = 0;
		};
/* End PBXResourcesBuildPhase section */

/* Begin PBXSourcesBuildPhase section */
		2C9E933521A090FA00780410 /* Sources */ = {
			isa = PBXSourcesBuildPhase;
			buildActionMask = 2147483647;
			files = (
				2C9E935521A0934200780410 /* TableViewCell.swift in Sources */,
				2C9E935721A0936B00780410 /* TableViewController.swift in Sources */,
				2C9E934F21A091ED00780410 /* Crayon.swift in Sources */,
				2C9E935121A0927400780410 /* CrayonModel.swift in Sources */,
				2C9E933D21A090FA00780410 /* AppDelegate.swift in Sources */,
				2C9E935321A0930300780410 /* DetailViewController.swift in Sources */,
			);
			runOnlyForDeploymentPostprocessing = 0;
		};
/* End PBXSourcesBuildPhase section */

/* Begin PBXVariantGroup section */
		2C9E934021A090FA00780410 /* Main.storyboard */ = {
			isa = PBXVariantGroup;
			children = (
				2C9E934121A090FA00780410 /* Base */,
			);
			name = Main.storyboard;
			sourceTree = "<group>";
		};
		2C9E934521A090FF00780410 /* LaunchScreen.storyboard */ = {
			isa = PBXVariantGroup;
			children = (
				2C9E934621A090FF00780410 /* Base */,
			);
			name = LaunchScreen.storyboard;
			sourceTree = "<group>";
		};
/* End PBXVariantGroup section */

/* Begin XCBuildConfiguration section */
		2C9E934921A090FF00780410 /* Debug */ = {
			isa = XCBuildConfiguration;
			buildSettings = {
				ALWAYS_SEARCH_USER_PATHS = NO;
				CLANG_ANALYZER_NONNULL = YES;
				CLANG_ANALYZER_NUMBER_OBJECT_CONVERSION = YES_AGGRESSIVE;
				CLANG_CXX_LANGUAGE_STANDARD = "gnu++14";
				CLANG_CXX_LIBRARY = "libc++";
				CLANG_ENABLE_MODULES = YES;
				CLANG_ENABLE_OBJC_ARC = YES;
				CLANG_ENABLE_OBJC_WEAK = YES;
				CLANG_WARN_BLOCK_CAPTURE_AUTORELEASING = YES;
				CLANG_WARN_BOOL_CONVERSION = YES;
				CLANG_WARN_COMMA = YES;
				CLANG_WARN_CONSTANT_CONVERSION = YES;
				CLANG_WARN_DEPRECATED_OBJC_IMPLEMENTATIONS = YES;
				CLANG_WARN_DIRECT_OBJC_ISA_USAGE = YES_ERROR;
				CLANG_WARN_DOCUMENTATION_COMMENTS = YES;
				CLANG_WARN_EMPTY_BODY = YES;
				CLANG_WARN_ENUM_CONVERSION = YES;
				CLANG_WARN_INFINITE_RECURSION = YES;
				CLANG_WARN_INT_CONVERSION = YES;
				CLANG_WARN_NON_LITERAL_NULL_CONVERSION = YES;
				CLANG_WARN_OBJC_IMPLICIT_RETAIN_SELF = YES;
				CLANG_WARN_OBJC_LITERAL_CONVERSION = YES;
				CLANG_WARN_OBJC_ROOT_CLASS = YES_ERROR;
				CLANG_WARN_RANGE_LOOP_ANALYSIS = YES;
				CLANG_WARN_STRICT_PROTOTYPES = YES;
				CLANG_WARN_SUSPICIOUS_MOVE = YES;
				CLANG_WARN_UNGUARDED_AVAILABILITY = YES_AGGRESSIVE;
				CLANG_WARN_UNREACHABLE_CODE = YES;
				CLANG_WARN__DUPLICATE_METHOD_MATCH = YES;
				CODE_SIGN_IDENTITY = "iPhone Developer";
				COPY_PHASE_STRIP = NO;
				DEBUG_INFORMATION_FORMAT = dwarf;
				ENABLE_STRICT_OBJC_MSGSEND = YES;
				ENABLE_TESTABILITY = YES;
				GCC_C_LANGUAGE_STANDARD = gnu11;
				GCC_DYNAMIC_NO_PIC = NO;
				GCC_NO_COMMON_BLOCKS = YES;
				GCC_OPTIMIZATION_LEVEL = 0;
				GCC_PREPROCESSOR_DEFINITIONS = (
					"DEBUG=1",
					"$(inherited)",
				);
				GCC_WARN_64_TO_32_BIT_CONVERSION = YES;
				GCC_WARN_ABOUT_RETURN_TYPE = YES_ERROR;
				GCC_WARN_UNDECLARED_SELECTOR = YES;
				GCC_WARN_UNINITIALIZED_AUTOS = YES_AGGRESSIVE;
				GCC_WARN_UNUSED_FUNCTION = YES;
				GCC_WARN_UNUSED_VARIABLE = YES;
				IPHONEOS_DEPLOYMENT_TARGET = 12.1;
				MTL_ENABLE_DEBUG_INFO = INCLUDE_SOURCE;
				MTL_FAST_MATH = YES;
				ONLY_ACTIVE_ARCH = YES;
				SDKROOT = iphoneos;
				SWIFT_ACTIVE_COMPILATION_CONDITIONS = DEBUG;
				SWIFT_OPTIMIZATION_LEVEL = "-Onone";
			};
			name = Debug;
		};
		2C9E934A21A090FF00780410 /* Release */ = {
			isa = XCBuildConfiguration;
			buildSettings = {
				ALWAYS_SEARCH_USER_PATHS = NO;
				CLANG_ANALYZER_NONNULL = YES;
				CLANG_ANALYZER_NUMBER_OBJECT_CONVERSION = YES_AGGRESSIVE;
				CLANG_CXX_LANGUAGE_STANDARD = "gnu++14";
				CLANG_CXX_LIBRARY = "libc++";
				CLANG_ENABLE_MODULES = YES;
				CLANG_ENABLE_OBJC_ARC = YES;
				CLANG_ENABLE_OBJC_WEAK = YES;
				CLANG_WARN_BLOCK_CAPTURE_AUTORELEASING = YES;
				CLANG_WARN_BOOL_CONVERSION = YES;
				CLANG_WARN_COMMA = YES;
				CLANG_WARN_CONSTANT_CONVERSION = YES;
				CLANG_WARN_DEPRECATED_OBJC_IMPLEMENTATIONS = YES;
				CLANG_WARN_DIRECT_OBJC_ISA_USAGE = YES_ERROR;
				CLANG_WARN_DOCUMENTATION_COMMENTS = YES;
				CLANG_WARN_EMPTY_BODY = YES;
				CLANG_WARN_ENUM_CONVERSION = YES;
				CLANG_WARN_INFINITE_RECURSION = YES;
				CLANG_WARN_INT_CONVERSION = YES;
				CLANG_WARN_NON_LITERAL_NULL_CONVERSION = YES;
				CLANG_WARN_OBJC_IMPLICIT_RETAIN_SELF = YES;
				CLANG_WARN_OBJC_LITERAL_CONVERSION = YES;
				CLANG_WARN_OBJC_ROOT_CLASS = YES_ERROR;
				CLANG_WARN_RANGE_LOOP_ANALYSIS = YES;
				CLANG_WARN_STRICT_PROTOTYPES = YES;
				CLANG_WARN_SUSPICIOUS_MOVE = YES;
				CLANG_WARN_UNGUARDED_AVAILABILITY = YES_AGGRESSIVE;
				CLANG_WARN_UNREACHABLE_CODE = YES;
				CLANG_WARN__DUPLICATE_METHOD_MATCH = YES;
				CODE_SIGN_IDENTITY = "iPhone Developer";
				COPY_PHASE_STRIP = NO;
				DEBUG_INFORMATION_FORMAT = "dwarf-with-dsym";
				ENABLE_NS_ASSERTIONS = NO;
				ENABLE_STRICT_OBJC_MSGSEND = YES;
				GCC_C_LANGUAGE_STANDARD = gnu11;
				GCC_NO_COMMON_BLOCKS = YES;
				GCC_WARN_64_TO_32_BIT_CONVERSION = YES;
				GCC_WARN_ABOUT_RETURN_TYPE = YES_ERROR;
				GCC_WARN_UNDECLARED_SELECTOR = YES;
				GCC_WARN_UNINITIALIZED_AUTOS = YES_AGGRESSIVE;
				GCC_WARN_UNUSED_FUNCTION = YES;
				GCC_WARN_UNUSED_VARIABLE = YES;
				IPHONEOS_DEPLOYMENT_TARGET = 12.1;
				MTL_ENABLE_DEBUG_INFO = NO;
				MTL_FAST_MATH = YES;
				SDKROOT = iphoneos;
				SWIFT_COMPILATION_MODE = wholemodule;
				SWIFT_OPTIMIZATION_LEVEL = "-O";
				VALIDATE_PRODUCT = YES;
			};
			name = Release;
		};
		2C9E934C21A090FF00780410 /* Debug */ = {
			isa = XCBuildConfiguration;
			buildSettings = {
				ASSETCATALOG_COMPILER_APPICON_NAME = AppIcon;
				CODE_SIGN_STYLE = Automatic;
				INFOPLIST_FILE = "Color List Version 2/Info.plist";
				LD_RUNPATH_SEARCH_PATHS = (
					"$(inherited)",
					"@executable_path/Frameworks",
				);
				PRODUCT_BUNDLE_IDENTIFIER = "Lambda-iOS.Color-List-Version-2";
				PRODUCT_NAME = "$(TARGET_NAME)";
				SWIFT_VERSION = 4.2;
				TARGETED_DEVICE_FAMILY = "1,2";
			};
			name = Debug;
		};
		2C9E934D21A090FF00780410 /* Release */ = {
			isa = XCBuildConfiguration;
			buildSettings = {
				ASSETCATALOG_COMPILER_APPICON_NAME = AppIcon;
				CODE_SIGN_STYLE = Automatic;
				INFOPLIST_FILE = "Color List Version 2/Info.plist";
				LD_RUNPATH_SEARCH_PATHS = (
					"$(inherited)",
					"@executable_path/Frameworks",
				);
				PRODUCT_BUNDLE_IDENTIFIER = "Lambda-iOS.Color-List-Version-2";
				PRODUCT_NAME = "$(TARGET_NAME)";
				SWIFT_VERSION = 4.2;
				TARGETED_DEVICE_FAMILY = "1,2";
			};
			name = Release;
		};
/* End XCBuildConfiguration section */

/* Begin XCConfigurationList section */
		2C9E933421A090FA00780410 /* Build configuration list for PBXProject "Color List Version 2" */ = {
			isa = XCConfigurationList;
			buildConfigurations = (
				2C9E934921A090FF00780410 /* Debug */,
				2C9E934A21A090FF00780410 /* Release */,
			);
			defaultConfigurationIsVisible = 0;
			defaultConfigurationName = Release;
		};
		2C9E934B21A090FF00780410 /* Build configuration list for PBXNativeTarget "Color List Version 2" */ = {
			isa = XCConfigurationList;
			buildConfigurations = (
				2C9E934C21A090FF00780410 /* Debug */,
				2C9E934D21A090FF00780410 /* Release */,
			);
			defaultConfigurationIsVisible = 0;
			defaultConfigurationName = Release;
		};
/* End XCConfigurationList section */
	};
	rootObject = 2C9E933121A090FA00780410 /* Project object */;
}
