// !$*UTF8*$!
{
	archiveVersion = 1;
	classes = {
	};
	objectVersion = 50;
	objects = {

/* Begin PBXBuildFile section */
		27B9A40821BAD35500693D29 /* AppDelegate.swift in Sources */ = {isa = PBXBuildFile; fileRef = 27B9A40721BAD35500693D29 /* AppDelegate.swift */; };
		27B9A40A21BAD35500693D29 /* ViewController.swift in Sources */ = {isa = PBXBuildFile; fileRef = 27B9A40921BAD35500693D29 /* ViewController.swift */; };
		27B9A40D21BAD35500693D29 /* Main.storyboard in Resources */ = {isa = PBXBuildFile; fileRef = 27B9A40B21BAD35500693D29 /* Main.storyboard */; };
		27B9A40F21BAD35700693D29 /* Assets.xcassets in Resources */ = {isa = PBXBuildFile; fileRef = 27B9A40E21BAD35700693D29 /* Assets.xcassets */; };
		27B9A41221BAD35700693D29 /* LaunchScreen.storyboard in Resources */ = {isa = PBXBuildFile; fileRef = 27B9A41021BAD35700693D29 /* LaunchScreen.storyboard */; };
		27B9A41A21BAD36E00693D29 /* Crayons.xcassets in Resources */ = {isa = PBXBuildFile; fileRef = 27B9A41921BAD36E00693D29 /* Crayons.xcassets */; };
		27B9A41C21BAD37700693D29 /* Crayon.swift in Sources */ = {isa = PBXBuildFile; fileRef = 27B9A41B21BAD37700693D29 /* Crayon.swift */; };
		27B9A41E21BAD37F00693D29 /* CrayonModel.swift in Sources */ = {isa = PBXBuildFile; fileRef = 27B9A41D21BAD37F00693D29 /* CrayonModel.swift */; };
/* End PBXBuildFile section */

/* Begin PBXFileReference section */
		27B9A40421BAD35500693D29 /* ColorList Challenge 2.app */ = {isa = PBXFileReference; explicitFileType = wrapper.application; includeInIndex = 0; path = "ColorList Challenge 2.app"; sourceTree = BUILT_PRODUCTS_DIR; };
		27B9A40721BAD35500693D29 /* AppDelegate.swift */ = {isa = PBXFileReference; lastKnownFileType = sourcecode.swift; path = AppDelegate.swift; sourceTree = "<group>"; };
		27B9A40921BAD35500693D29 /* ViewController.swift */ = {isa = PBXFileReference; lastKnownFileType = sourcecode.swift; path = ViewController.swift; sourceTree = "<group>"; };
		27B9A40C21BAD35500693D29 /* Base */ = {isa = PBXFileReference; lastKnownFileType = file.storyboard; name = Base; path = Base.lproj/Main.storyboard; sourceTree = "<group>"; };
		27B9A40E21BAD35700693D29 /* Assets.xcassets */ = {isa = PBXFileReference; lastKnownFileType = folder.assetcatalog; path = Assets.xcassets; sourceTree = "<group>"; };
		27B9A41121BAD35700693D29 /* Base */ = {isa = PBXFileReference; lastKnownFileType = file.storyboard; name = Base; path = Base.lproj/LaunchScreen.storyboard; sourceTree = "<group>"; };
		27B9A41321BAD35700693D29 /* Info.plist */ = {isa = PBXFileReference; lastKnownFileType = text.plist.xml; path = Info.plist; sourceTree = "<group>"; };
		27B9A41921BAD36E00693D29 /* Crayons.xcassets */ = {isa = PBXFileReference; lastKnownFileType = folder.assetcatalog; name = Crayons.xcassets; path = ../../Crayons.xcassets; sourceTree = "<group>"; };
		27B9A41B21BAD37700693D29 /* Crayon.swift */ = {isa = PBXFileReference; fileEncoding = 4; lastKnownFileType = sourcecode.swift; name = Crayon.swift; path = ../../Crayon.swift; sourceTree = "<group>"; };
		27B9A41D21BAD37F00693D29 /* CrayonModel.swift */ = {isa = PBXFileReference; fileEncoding = 4; lastKnownFileType = sourcecode.swift; name = CrayonModel.swift; path = ../../CrayonModel.swift; sourceTree = "<group>"; };
/* End PBXFileReference section */

/* Begin PBXFrameworksBuildPhase section */
		27B9A40121BAD35500693D29 /* Frameworks */ = {
			isa = PBXFrameworksBuildPhase;
			buildActionMask = 2147483647;
			files = (
			);
			runOnlyForDeploymentPostprocessing = 0;
		};
/* End PBXFrameworksBuildPhase section */

/* Begin PBXGroup section */
		27B9A3FB21BAD35500693D29 = {
			isa = PBXGroup;
			children = (
				27B9A40621BAD35500693D29 /* ColorList Challenge 2 */,
				27B9A40521BAD35500693D29 /* Products */,
			);
			sourceTree = "<group>";
		};
		27B9A40521BAD35500693D29 /* Products */ = {
			isa = PBXGroup;
			children = (
				27B9A40421BAD35500693D29 /* ColorList Challenge 2.app */,
			);
			name = Products;
			sourceTree = "<group>";
		};
		27B9A40621BAD35500693D29 /* ColorList Challenge 2 */ = {
			isa = PBXGroup;
			children = (
				27B9A40721BAD35500693D29 /* AppDelegate.swift */,
				27B9A40921BAD35500693D29 /* ViewController.swift */,
				27B9A40B21BAD35500693D29 /* Main.storyboard */,
				27B9A40E21BAD35700693D29 /* Assets.xcassets */,
				27B9A41921BAD36E00693D29 /* Crayons.xcassets */,
				27B9A41B21BAD37700693D29 /* Crayon.swift */,
				27B9A41D21BAD37F00693D29 /* CrayonModel.swift */,
				27B9A41021BAD35700693D29 /* LaunchScreen.storyboard */,
				27B9A41321BAD35700693D29 /* Info.plist */,
			);
			path = "ColorList Challenge 2";
			sourceTree = "<group>";
		};
/* End PBXGroup section */

/* Begin PBXNativeTarget section */
		27B9A40321BAD35500693D29 /* ColorList Challenge 2 */ = {
			isa = PBXNativeTarget;
			buildConfigurationList = 27B9A41621BAD35700693D29 /* Build configuration list for PBXNativeTarget "ColorList Challenge 2" */;
			buildPhases = (
				27B9A40021BAD35500693D29 /* Sources */,
				27B9A40121BAD35500693D29 /* Frameworks */,
				27B9A40221BAD35500693D29 /* Resources */,
			);
			buildRules = (
			);
			dependencies = (
			);
			name = "ColorList Challenge 2";
			productName = "ColorList Challenge 2";
			productReference = 27B9A40421BAD35500693D29 /* ColorList Challenge 2.app */;
			productType = "com.apple.product-type.application";
		};
/* End PBXNativeTarget section */

/* Begin PBXProject section */
		27B9A3FC21BAD35500693D29 /* Project object */ = {
			isa = PBXProject;
			attributes = {
				LastSwiftUpdateCheck = 1010;
				LastUpgradeCheck = 1010;
				ORGANIZATIONNAME = "Vijay Das";
				TargetAttributes = {
					27B9A40321BAD35500693D29 = {
						CreatedOnToolsVersion = 10.1;
					};
				};
			};
			buildConfigurationList = 27B9A3FF21BAD35500693D29 /* Build configuration list for PBXProject "ColorList Challenge 2" */;
			compatibilityVersion = "Xcode 9.3";
			developmentRegion = en;
			hasScannedForEncodings = 0;
			knownRegions = (
				en,
				Base,
			);
			mainGroup = 27B9A3FB21BAD35500693D29;
			productRefGroup = 27B9A40521BAD35500693D29 /* Products */;
			projectDirPath = "";
			projectRoot = "";
			targets = (
				27B9A40321BAD35500693D29 /* ColorList Challenge 2 */,
			);
		};
/* End PBXProject section */

/* Begin PBXResourcesBuildPhase section */
		27B9A40221BAD35500693D29 /* Resources */ = {
			isa = PBXResourcesBuildPhase;
			buildActionMask = 2147483647;
			files = (
				27B9A41221BAD35700693D29 /* LaunchScreen.storyboard in Resources */,
				27B9A40F21BAD35700693D29 /* Assets.xcassets in Resources */,
				27B9A40D21BAD35500693D29 /* Main.storyboard in Resources */,
				27B9A41A21BAD36E00693D29 /* Crayons.xcassets in Resources */,
			);
			runOnlyForDeploymentPostprocessing = 0;
		};
/* End PBXResourcesBuildPhase section */

/* Begin PBXSourcesBuildPhase section */
		27B9A40021BAD35500693D29 /* Sources */ = {
			isa = PBXSourcesBuildPhase;
			buildActionMask = 2147483647;
			files = (
				27B9A41C21BAD37700693D29 /* Crayon.swift in Sources */,
				27B9A41E21BAD37F00693D29 /* CrayonModel.swift in Sources */,
				27B9A40A21BAD35500693D29 /* ViewController.swift in Sources */,
				27B9A40821BAD35500693D29 /* AppDelegate.swift in Sources */,
			);
			runOnlyForDeploymentPostprocessing = 0;
		};
/* End PBXSourcesBuildPhase section */

/* Begin PBXVariantGroup section */
		27B9A40B21BAD35500693D29 /* Main.storyboard */ = {
			isa = PBXVariantGroup;
			children = (
				27B9A40C21BAD35500693D29 /* Base */,
			);
			name = Main.storyboard;
			sourceTree = "<group>";
		};
		27B9A41021BAD35700693D29 /* LaunchScreen.storyboard */ = {
			isa = PBXVariantGroup;
			children = (
				27B9A41121BAD35700693D29 /* Base */,
			);
			name = LaunchScreen.storyboard;
			sourceTree = "<group>";
		};
/* End PBXVariantGroup section */

/* Begin XCBuildConfiguration section */
		27B9A41421BAD35700693D29 /* Debug */ = {
			isa = XCBuildConfiguration;
			buildSettings = {
				ALWAYS_SEARCH_USER_PATHS = NO;
				CLANG_ANALYZER_NONNULL = YES;
				CLANG_ANALYZER_NUMBER_OBJECT_CONVERSION = YES_AGGRESSIVE;
				CLANG_CXX_LANGUAGE_STANDARD = "gnu++14";
				CLANG_CXX_LIBRARY = "libc++";
				CLANG_ENABLE_MODULES = YES;
				CLANG_ENABLE_OBJC_ARC = YES;
				CLANG_ENABLE_OBJC_WEAK = YES;
				CLANG_WARN_BLOCK_CAPTURE_AUTORELEASING = YES;
				CLANG_WARN_BOOL_CONVERSION = YES;
				CLANG_WARN_COMMA = YES;
				CLANG_WARN_CONSTANT_CONVERSION = YES;
				CLANG_WARN_DEPRECATED_OBJC_IMPLEMENTATIONS = YES;
				CLANG_WARN_DIRECT_OBJC_ISA_USAGE = YES_ERROR;
				CLANG_WARN_DOCUMENTATION_COMMENTS = YES;
				CLANG_WARN_EMPTY_BODY = YES;
				CLANG_WARN_ENUM_CONVERSION = YES;
				CLANG_WARN_INFINITE_RECURSION = YES;
				CLANG_WARN_INT_CONVERSION = YES;
				CLANG_WARN_NON_LITERAL_NULL_CONVERSION = YES;
				CLANG_WARN_OBJC_IMPLICIT_RETAIN_SELF = YES;
				CLANG_WARN_OBJC_LITERAL_CONVERSION = YES;
				CLANG_WARN_OBJC_ROOT_CLASS = YES_ERROR;
				CLANG_WARN_RANGE_LOOP_ANALYSIS = YES;
				CLANG_WARN_STRICT_PROTOTYPES = YES;
				CLANG_WARN_SUSPICIOUS_MOVE = YES;
				CLANG_WARN_UNGUARDED_AVAILABILITY = YES_AGGRESSIVE;
				CLANG_WARN_UNREACHABLE_CODE = YES;
				CLANG_WARN__DUPLICATE_METHOD_MATCH = YES;
				CODE_SIGN_IDENTITY = "iPhone Developer";
				COPY_PHASE_STRIP = NO;
				DEBUG_INFORMATION_FORMAT = dwarf;
				ENABLE_STRICT_OBJC_MSGSEND = YES;
				ENABLE_TESTABILITY = YES;
				GCC_C_LANGUAGE_STANDARD = gnu11;
				GCC_DYNAMIC_NO_PIC = NO;
				GCC_NO_COMMON_BLOCKS = YES;
				GCC_OPTIMIZATION_LEVEL = 0;
				GCC_PREPROCESSOR_DEFINITIONS = (
					"DEBUG=1",
					"$(inherited)",
				);
				GCC_WARN_64_TO_32_BIT_CONVERSION = YES;
				GCC_WARN_ABOUT_RETURN_TYPE = YES_ERROR;
				GCC_WARN_UNDECLARED_SELECTOR = YES;
				GCC_WARN_UNINITIALIZED_AUTOS = YES_AGGRESSIVE;
				GCC_WARN_UNUSED_FUNCTION = YES;
				GCC_WARN_UNUSED_VARIABLE = YES;
				IPHONEOS_DEPLOYMENT_TARGET = 12.1;
				MTL_ENABLE_DEBUG_INFO = INCLUDE_SOURCE;
				MTL_FAST_MATH = YES;
				ONLY_ACTIVE_ARCH = YES;
				SDKROOT = iphoneos;
				SWIFT_ACTIVE_COMPILATION_CONDITIONS = DEBUG;
				SWIFT_OPTIMIZATION_LEVEL = "-Onone";
			};
			name = Debug;
		};
		27B9A41521BAD35700693D29 /* Release */ = {
			isa = XCBuildConfiguration;
			buildSettings = {
				ALWAYS_SEARCH_USER_PATHS = NO;
				CLANG_ANALYZER_NONNULL = YES;
				CLANG_ANALYZER_NUMBER_OBJECT_CONVERSION = YES_AGGRESSIVE;
				CLANG_CXX_LANGUAGE_STANDARD = "gnu++14";
				CLANG_CXX_LIBRARY = "libc++";
				CLANG_ENABLE_MODULES = YES;
				CLANG_ENABLE_OBJC_ARC = YES;
				CLANG_ENABLE_OBJC_WEAK = YES;
				CLANG_WARN_BLOCK_CAPTURE_AUTORELEASING = YES;
				CLANG_WARN_BOOL_CONVERSION = YES;
				CLANG_WARN_COMMA = YES;
				CLANG_WARN_CONSTANT_CONVERSION = YES;
				CLANG_WARN_DEPRECATED_OBJC_IMPLEMENTATIONS = YES;
				CLANG_WARN_DIRECT_OBJC_ISA_USAGE = YES_ERROR;
				CLANG_WARN_DOCUMENTATION_COMMENTS = YES;
				CLANG_WARN_EMPTY_BODY = YES;
				CLANG_WARN_ENUM_CONVERSION = YES;
				CLANG_WARN_INFINITE_RECURSION = YES;
				CLANG_WARN_INT_CONVERSION = YES;
				CLANG_WARN_NON_LITERAL_NULL_CONVERSION = YES;
				CLANG_WARN_OBJC_IMPLICIT_RETAIN_SELF = YES;
				CLANG_WARN_OBJC_LITERAL_CONVERSION = YES;
				CLANG_WARN_OBJC_ROOT_CLASS = YES_ERROR;
				CLANG_WARN_RANGE_LOOP_ANALYSIS = YES;
				CLANG_WARN_STRICT_PROTOTYPES = YES;
				CLANG_WARN_SUSPICIOUS_MOVE = YES;
				CLANG_WARN_UNGUARDED_AVAILABILITY = YES_AGGRESSIVE;
				CLANG_WARN_UNREACHABLE_CODE = YES;
				CLANG_WARN__DUPLICATE_METHOD_MATCH = YES;
				CODE_SIGN_IDENTITY = "iPhone Developer";
				COPY_PHASE_STRIP = NO;
				DEBUG_INFORMATION_FORMAT = "dwarf-with-dsym";
				ENABLE_NS_ASSERTIONS = NO;
				ENABLE_STRICT_OBJC_MSGSEND = YES;
				GCC_C_LANGUAGE_STANDARD = gnu11;
				GCC_NO_COMMON_BLOCKS = YES;
				GCC_WARN_64_TO_32_BIT_CONVERSION = YES;
				GCC_WARN_ABOUT_RETURN_TYPE = YES_ERROR;
				GCC_WARN_UNDECLARED_SELECTOR = YES;
				GCC_WARN_UNINITIALIZED_AUTOS = YES_AGGRESSIVE;
				GCC_WARN_UNUSED_FUNCTION = YES;
				GCC_WARN_UNUSED_VARIABLE = YES;
				IPHONEOS_DEPLOYMENT_TARGET = 12.1;
				MTL_ENABLE_DEBUG_INFO = NO;
				MTL_FAST_MATH = YES;
				SDKROOT = iphoneos;
				SWIFT_COMPILATION_MODE = wholemodule;
				SWIFT_OPTIMIZATION_LEVEL = "-O";
				VALIDATE_PRODUCT = YES;
			};
			name = Release;
		};
		27B9A41721BAD35700693D29 /* Debug */ = {
			isa = XCBuildConfiguration;
			buildSettings = {
				ASSETCATALOG_COMPILER_APPICON_NAME = AppIcon;
				CODE_SIGN_STYLE = Automatic;
				DEVELOPMENT_TEAM = F29U3VL727;
				INFOPLIST_FILE = "ColorList Challenge 2/Info.plist";
				LD_RUNPATH_SEARCH_PATHS = (
					"$(inherited)",
					"@executable_path/Frameworks",
				);
				PRODUCT_BUNDLE_IDENTIFIER = "vijaydas.ColorList-Challenge-2";
				PRODUCT_NAME = "$(TARGET_NAME)";
				SWIFT_VERSION = 4.2;
				TARGETED_DEVICE_FAMILY = "1,2";
			};
			name = Debug;
		};
		27B9A41821BAD35700693D29 /* Release */ = {
			isa = XCBuildConfiguration;
			buildSettings = {
				ASSETCATALOG_COMPILER_APPICON_NAME = AppIcon;
				CODE_SIGN_STYLE = Automatic;
				DEVELOPMENT_TEAM = F29U3VL727;
				INFOPLIST_FILE = "ColorList Challenge 2/Info.plist";
				LD_RUNPATH_SEARCH_PATHS = (
					"$(inherited)",
					"@executable_path/Frameworks",
				);
				PRODUCT_BUNDLE_IDENTIFIER = "vijaydas.ColorList-Challenge-2";
				PRODUCT_NAME = "$(TARGET_NAME)";
				SWIFT_VERSION = 4.2;
				TARGETED_DEVICE_FAMILY = "1,2";
			};
			name = Release;
		};
/* End XCBuildConfiguration section */

/* Begin XCConfigurationList section */
		27B9A3FF21BAD35500693D29 /* Build configuration list for PBXProject "ColorList Challenge 2" */ = {
			isa = XCConfigurationList;
			buildConfigurations = (
				27B9A41421BAD35700693D29 /* Debug */,
				27B9A41521BAD35700693D29 /* Release */,
			);
			defaultConfigurationIsVisible = 0;
			defaultConfigurationName = Release;
		};
		27B9A41621BAD35700693D29 /* Build configuration list for PBXNativeTarget "ColorList Challenge 2" */ = {
			isa = XCConfigurationList;
			buildConfigurations = (
				27B9A41721BAD35700693D29 /* Debug */,
				27B9A41821BAD35700693D29 /* Release */,
			);
			defaultConfigurationIsVisible = 0;
			defaultConfigurationName = Release;
		};
/* End XCConfigurationList section */
	};
	rootObject = 27B9A3FC21BAD35500693D29 /* Project object */;
}
